// !$*UTF8*$!
{
	archiveVersion = 1;
	classes = {
	};
	objectVersion = 46;
	objects = {

/* Begin PBXBuildFile section */
		1C5E412A1C888205009314C8 /* nav_back1.jpg in Resources */ = {isa = PBXBuildFile; fileRef = 1C5E41291C888205009314C8 /* nav_back1.jpg */; };
		1C5E41331C888972009314C8 /* NSArray Chinese.m in Sources */ = {isa = PBXBuildFile; fileRef = 1C5E412E1C888972009314C8 /* NSArray Chinese.m */; };
		1C5E41341C888972009314C8 /* NSDictionary Chinese.m in Sources */ = {isa = PBXBuildFile; fileRef = 1C5E41301C888972009314C8 /* NSDictionary Chinese.m */; };
		1C5E41351C888972009314C8 /* NSSet Chinese.m in Sources */ = {isa = PBXBuildFile; fileRef = 1C5E41321C888972009314C8 /* NSSet Chinese.m */; };
		840643971C88425F0069DF39 /* PPViewController.m in Sources */ = {isa = PBXBuildFile; fileRef = 840643951C88425F0069DF39 /* PPViewController.m */; };
		840643981C88425F0069DF39 /* PPViewController.xib in Resources */ = {isa = PBXBuildFile; fileRef = 840643961C88425F0069DF39 /* PPViewController.xib */; };
		8406439B1C8844A90069DF39 /* FSDropDownMenu.m in Sources */ = {isa = PBXBuildFile; fileRef = 8406439A1C8844A90069DF39 /* FSDropDownMenu.m */; };
		8406439D1C8858E90069DF39 /* expandableImage@2x.png in Resources */ = {isa = PBXBuildFile; fileRef = 8406439C1C8858E90069DF39 /* expandableImage@2x.png */; };
		840643A11C885B850069DF39 /* MapViewController.m in Sources */ = {isa = PBXBuildFile; fileRef = 8406439F1C885B850069DF39 /* MapViewController.m */; };
		840643A51C885CF70069DF39 /* Podfile in Resources */ = {isa = PBXBuildFile; fileRef = 840643A41C885CF70069DF39 /* Podfile */; };
		845108031C89113D000D16E2 /* PopCell.m in Sources */ = {isa = PBXBuildFile; fileRef = 845108011C89113D000D16E2 /* PopCell.m */; };
		845108041C89113D000D16E2 /* PopCell.xib in Resources */ = {isa = PBXBuildFile; fileRef = 845108021C89113D000D16E2 /* PopCell.xib */; };
		845108111C891B41000D16E2 /* ImagetCell.m in Sources */ = {isa = PBXBuildFile; fileRef = 845108071C891B41000D16E2 /* ImagetCell.m */; };
		845108121C891B41000D16E2 /* ImagetCell.xib in Resources */ = {isa = PBXBuildFile; fileRef = 845108081C891B41000D16E2 /* ImagetCell.xib */; };
		845108131C891B41000D16E2 /* LastCell.m in Sources */ = {isa = PBXBuildFile; fileRef = 8451080A1C891B41000D16E2 /* LastCell.m */; };
		845108141C891B41000D16E2 /* LastCell.xib in Resources */ = {isa = PBXBuildFile; fileRef = 8451080B1C891B41000D16E2 /* LastCell.xib */; };
		845108151C891B41000D16E2 /* SecondCell.m in Sources */ = {isa = PBXBuildFile; fileRef = 8451080D1C891B41000D16E2 /* SecondCell.m */; };
		845108161C891B41000D16E2 /* SecondCell.xib in Resources */ = {isa = PBXBuildFile; fileRef = 8451080E1C891B41000D16E2 /* SecondCell.xib */; };
		845108171C891B41000D16E2 /* UserViewController.m in Sources */ = {isa = PBXBuildFile; fileRef = 845108101C891B41000D16E2 /* UserViewController.m */; };
		845108211C891BEB000D16E2 /* icon-1.png in Resources */ = {isa = PBXBuildFile; fileRef = 845108181C891BEA000D16E2 /* icon-1.png */; };
		845108221C891BEB000D16E2 /* icon-2.png in Resources */ = {isa = PBXBuildFile; fileRef = 845108191C891BEB000D16E2 /* icon-2.png */; };
		845108231C891BEB000D16E2 /* icon-3.png in Resources */ = {isa = PBXBuildFile; fileRef = 8451081A1C891BEB000D16E2 /* icon-3.png */; };
		845108241C891BEB000D16E2 /* icon-4.png in Resources */ = {isa = PBXBuildFile; fileRef = 8451081B1C891BEB000D16E2 /* icon-4.png */; };
		845108251C891BEB000D16E2 /* icon-5.png in Resources */ = {isa = PBXBuildFile; fileRef = 8451081C1C891BEB000D16E2 /* icon-5.png */; };
		845108261C891BEB000D16E2 /* icon-6.png in Resources */ = {isa = PBXBuildFile; fileRef = 8451081D1C891BEB000D16E2 /* icon-6.png */; };
		845108271C891BEB000D16E2 /* icon-8.png in Resources */ = {isa = PBXBuildFile; fileRef = 8451081E1C891BEB000D16E2 /* icon-8.png */; };
		845108281C891BEB000D16E2 /* pho-tou.png.png in Resources */ = {isa = PBXBuildFile; fileRef = 8451081F1C891BEB000D16E2 /* pho-tou.png.png */; };
		8451082C1C89236F000D16E2 /* GlobalFont.m in Sources */ = {isa = PBXBuildFile; fileRef = 8451082B1C89236F000D16E2 /* GlobalFont.m */; };
		845108401C894EC2000D16E2 /* LoginViewController.m in Sources */ = {isa = PBXBuildFile; fileRef = 8451083F1C894EC2000D16E2 /* LoginViewController.m */; };
		845108461C895002000D16E2 /* UIView+Draw.m in Sources */ = {isa = PBXBuildFile; fileRef = 845108451C895002000D16E2 /* UIView+Draw.m */; };
		845108481C895688000D16E2 /* pic-background.png in Resources */ = {isa = PBXBuildFile; fileRef = 845108471C895688000D16E2 /* pic-background.png */; };
		8451084A1C895D52000D16E2 /* cancel@2x.png in Resources */ = {isa = PBXBuildFile; fileRef = 845108491C895D52000D16E2 /* cancel@2x.png */; };
		8451084E1C8961A6000D16E2 /* PPfirstCell.m in Sources */ = {isa = PBXBuildFile; fileRef = 8451084C1C8961A6000D16E2 /* PPfirstCell.m */; };
		8451084F1C8961A6000D16E2 /* PPfirstCell.xib in Resources */ = {isa = PBXBuildFile; fileRef = 8451084D1C8961A6000D16E2 /* PPfirstCell.xib */; };
		845108541C8971D2000D16E2 /* PP2ViewController.m in Sources */ = {isa = PBXBuildFile; fileRef = 845108521C8971D2000D16E2 /* PP2ViewController.m */; };
		845108551C8971D2000D16E2 /* PP2ViewController.xib in Resources */ = {isa = PBXBuildFile; fileRef = 845108531C8971D2000D16E2 /* PP2ViewController.xib */; };
		845108571C897704000D16E2 /* backicon.png in Resources */ = {isa = PBXBuildFile; fileRef = 845108561C897704000D16E2 /* backicon.png */; };
		8451085B1C8978E5000D16E2 /* Pop3ViewController.m in Sources */ = {isa = PBXBuildFile; fileRef = 845108591C8978E5000D16E2 /* Pop3ViewController.m */; };
		8451085C1C8978E5000D16E2 /* Pop3ViewController.xib in Resources */ = {isa = PBXBuildFile; fileRef = 8451085A1C8978E5000D16E2 /* Pop3ViewController.xib */; };
		8451085E1C897AE3000D16E2 /* nexticon.png in Resources */ = {isa = PBXBuildFile; fileRef = 8451085D1C897AE3000D16E2 /* nexticon.png */; };
		847CC7581C88248D0063506B /* HotMessageCell.m in Sources */ = {isa = PBXBuildFile; fileRef = 847CC7561C88248D0063506B /* HotMessageCell.m */; };
		847CC7591C88248D0063506B /* HotMessageCell.xib in Resources */ = {isa = PBXBuildFile; fileRef = 847CC7571C88248D0063506B /* HotMessageCell.xib */; };
		8493BC1F1C7C5D560011EC54 /* secendCell.m in Sources */ = {isa = PBXBuildFile; fileRef = 8493BC1D1C7C5D560011EC54 /* secendCell.m */; };
		8493BC201C7C5D560011EC54 /* secendCell.xib in Resources */ = {isa = PBXBuildFile; fileRef = 8493BC1E1C7C5D560011EC54 /* secendCell.xib */; };
		8493BC241C7C5D6C0011EC54 /* thirdCell.m in Sources */ = {isa = PBXBuildFile; fileRef = 8493BC221C7C5D6C0011EC54 /* thirdCell.m */; };
		8493BC251C7C5D6C0011EC54 /* thirdCell.xib in Resources */ = {isa = PBXBuildFile; fileRef = 8493BC231C7C5D6C0011EC54 /* thirdCell.xib */; };
		84AD7D621C7C0B620066064A /* main.m in Sources */ = {isa = PBXBuildFile; fileRef = 84AD7D611C7C0B620066064A /* main.m */; };
		84AD7D651C7C0B620066064A /* AppDelegate.m in Sources */ = {isa = PBXBuildFile; fileRef = 84AD7D641C7C0B620066064A /* AppDelegate.m */; };
		84AD7D681C7C0B620066064A /* ViewController.m in Sources */ = {isa = PBXBuildFile; fileRef = 84AD7D671C7C0B620066064A /* ViewController.m */; };
		84AD7D6B1C7C0B620066064A /* Main.storyboard in Resources */ = {isa = PBXBuildFile; fileRef = 84AD7D691C7C0B620066064A /* Main.storyboard */; };
		84AD7D6D1C7C0B620066064A /* Assets.xcassets in Resources */ = {isa = PBXBuildFile; fileRef = 84AD7D6C1C7C0B620066064A /* Assets.xcassets */; };
		84AD7D701C7C0B620066064A /* LaunchScreen.storyboard in Resources */ = {isa = PBXBuildFile; fileRef = 84AD7D6E1C7C0B620066064A /* LaunchScreen.storyboard */; };
		84AD7D7B1C7C0B630066064A /* FreeTravelTests.m in Sources */ = {isa = PBXBuildFile; fileRef = 84AD7D7A1C7C0B630066064A /* FreeTravelTests.m */; };
		84AD7D861C7C0B630066064A /* FreeTravelUITests.m in Sources */ = {isa = PBXBuildFile; fileRef = 84AD7D851C7C0B630066064A /* FreeTravelUITests.m */; };
		84AD7D971C7C0D000066064A /* firstCell.m in Sources */ = {isa = PBXBuildFile; fileRef = 84AD7D951C7C0D000066064A /* firstCell.m */; };
		84AD7D981C7C0D000066064A /* firstCell.xib in Resources */ = {isa = PBXBuildFile; fileRef = 84AD7D961C7C0D000066064A /* firstCell.xib */; };
		84C32B6C1C7D5AF80080D786 /* Remu.jpg in Resources */ = {isa = PBXBuildFile; fileRef = 84C32B6A1C7D5AF80080D786 /* Remu.jpg */; };
		84C32B6D1C7D5AF80080D786 /* UUZ.jpg in Resources */ = {isa = PBXBuildFile; fileRef = 84C32B6B1C7D5AF80080D786 /* UUZ.jpg */; };
		84C32B7A1C7D91990080D786 /* icon_airticket.png in Resources */ = {isa = PBXBuildFile; fileRef = 84C32B6E1C7D91990080D786 /* icon_airticket.png */; };
		84C32B7B1C7D91990080D786 /* icon_car.png in Resources */ = {isa = PBXBuildFile; fileRef = 84C32B6F1C7D91990080D786 /* icon_car.png */; };
		84C32B7C1C7D91990080D786 /* icon_play.png in Resources */ = {isa = PBXBuildFile; fileRef = 84C32B701C7D91990080D786 /* icon_play.png */; };
		84C32B7D1C7D91990080D786 /* icon_write.png in Resources */ = {isa = PBXBuildFile; fileRef = 84C32B711C7D91990080D786 /* icon_write.png */; };
		84C32B7E1C7D91990080D786 /* icon1.png in Resources */ = {isa = PBXBuildFile; fileRef = 84C32B721C7D91990080D786 /* icon1.png */; };
		84C32B7F1C7D91990080D786 /* icon2.png in Resources */ = {isa = PBXBuildFile; fileRef = 84C32B731C7D91990080D786 /* icon2.png */; };
		84C32B801C7D91990080D786 /* icon3.png in Resources */ = {isa = PBXBuildFile; fileRef = 84C32B741C7D91990080D786 /* icon3.png */; };
		84C32B811C7D91990080D786 /* icon4.png in Resources */ = {isa = PBXBuildFile; fileRef = 84C32B751C7D91990080D786 /* icon4.png */; };
		84C32B821C7D91990080D786 /* imag_02.png in Resources */ = {isa = PBXBuildFile; fileRef = 84C32B761C7D91990080D786 /* imag_02.png */; };
		84C32B831C7D91990080D786 /* imag_04.png in Resources */ = {isa = PBXBuildFile; fileRef = 84C32B771C7D91990080D786 /* imag_04.png */; };
		84C32B841C7D91990080D786 /* imag_08.jpg in Resources */ = {isa = PBXBuildFile; fileRef = 84C32B781C7D91990080D786 /* imag_08.jpg */; };
		84C32B851C7D91990080D786 /* search.png in Resources */ = {isa = PBXBuildFile; fileRef = 84C32B791C7D91990080D786 /* search.png */; };
		84D898621C853946007DEC7C /* header_02.jpg in Resources */ = {isa = PBXBuildFile; fileRef = 84D898611C853946007DEC7C /* header_02.jpg */; };
		F95A16842356B7CCFA4384D9 /* libPods.a in Frameworks */ = {isa = PBXBuildFile; fileRef = 5940103BB85126F45BE4D60D /* libPods.a */; };
/* End PBXBuildFile section */

/* Begin PBXContainerItemProxy section */
		84AD7D771C7C0B630066064A /* PBXContainerItemProxy */ = {
			isa = PBXContainerItemProxy;
			containerPortal = 84AD7D551C7C0B620066064A /* Project object */;
			proxyType = 1;
			remoteGlobalIDString = 84AD7D5C1C7C0B620066064A;
			remoteInfo = FreeTravel;
		};
		84AD7D821C7C0B630066064A /* PBXContainerItemProxy */ = {
			isa = PBXContainerItemProxy;
			containerPortal = 84AD7D551C7C0B620066064A /* Project object */;
			proxyType = 1;
			remoteGlobalIDString = 84AD7D5C1C7C0B620066064A;
			remoteInfo = FreeTravel;
		};
/* End PBXContainerItemProxy section */

/* Begin PBXFileReference section */
		1C5E41291C888205009314C8 /* nav_back1.jpg */ = {isa = PBXFileReference; lastKnownFileType = image.jpeg; path = nav_back1.jpg; sourceTree = "<group>"; };
		1C5E412D1C888972009314C8 /* NSArray Chinese.h */ = {isa = PBXFileReference; fileEncoding = 4; lastKnownFileType = sourcecode.c.h; path = "NSArray Chinese.h"; sourceTree = "<group>"; };
		1C5E412E1C888972009314C8 /* NSArray Chinese.m */ = {isa = PBXFileReference; fileEncoding = 4; lastKnownFileType = sourcecode.c.objc; path = "NSArray Chinese.m"; sourceTree = "<group>"; };
		1C5E412F1C888972009314C8 /* NSDictionary Chinese.h */ = {isa = PBXFileReference; fileEncoding = 4; lastKnownFileType = sourcecode.c.h; path = "NSDictionary Chinese.h"; sourceTree = "<group>"; };
		1C5E41301C888972009314C8 /* NSDictionary Chinese.m */ = {isa = PBXFileReference; fileEncoding = 4; lastKnownFileType = sourcecode.c.objc; path = "NSDictionary Chinese.m"; sourceTree = "<group>"; };
		1C5E41311C888972009314C8 /* NSSet Chinese.h */ = {isa = PBXFileReference; fileEncoding = 4; lastKnownFileType = sourcecode.c.h; path = "NSSet Chinese.h"; sourceTree = "<group>"; };
		1C5E41321C888972009314C8 /* NSSet Chinese.m */ = {isa = PBXFileReference; fileEncoding = 4; lastKnownFileType = sourcecode.c.objc; path = "NSSet Chinese.m"; sourceTree = "<group>"; };
		5940103BB85126F45BE4D60D /* libPods.a */ = {isa = PBXFileReference; explicitFileType = archive.ar; includeInIndex = 0; path = libPods.a; sourceTree = BUILT_PRODUCTS_DIR; };
		840643941C88425F0069DF39 /* PPViewController.h */ = {isa = PBXFileReference; fileEncoding = 4; lastKnownFileType = sourcecode.c.h; path = PPViewController.h; sourceTree = "<group>"; };
		840643951C88425F0069DF39 /* PPViewController.m */ = {isa = PBXFileReference; fileEncoding = 4; lastKnownFileType = sourcecode.c.objc; path = PPViewController.m; sourceTree = "<group>"; };
		840643961C88425F0069DF39 /* PPViewController.xib */ = {isa = PBXFileReference; fileEncoding = 4; lastKnownFileType = file.xib; path = PPViewController.xib; sourceTree = "<group>"; };
		840643991C8844A90069DF39 /* FSDropDownMenu.h */ = {isa = PBXFileReference; fileEncoding = 4; lastKnownFileType = sourcecode.c.h; path = FSDropDownMenu.h; sourceTree = "<group>"; };
		8406439A1C8844A90069DF39 /* FSDropDownMenu.m */ = {isa = PBXFileReference; fileEncoding = 4; lastKnownFileType = sourcecode.c.objc; path = FSDropDownMenu.m; sourceTree = "<group>"; };
		8406439C1C8858E90069DF39 /* expandableImage@2x.png */ = {isa = PBXFileReference; lastKnownFileType = image.png; path = "expandableImage@2x.png"; sourceTree = "<group>"; };
		8406439E1C885B850069DF39 /* MapViewController.h */ = {isa = PBXFileReference; fileEncoding = 4; lastKnownFileType = sourcecode.c.h; path = MapViewController.h; sourceTree = "<group>"; };
		8406439F1C885B850069DF39 /* MapViewController.m */ = {isa = PBXFileReference; fileEncoding = 4; lastKnownFileType = sourcecode.c.objc; path = MapViewController.m; sourceTree = "<group>"; };
		840643A41C885CF70069DF39 /* Podfile */ = {isa = PBXFileReference; fileEncoding = 4; lastKnownFileType = text; path = Podfile; sourceTree = "<group>"; };
		845108001C89113D000D16E2 /* PopCell.h */ = {isa = PBXFileReference; fileEncoding = 4; lastKnownFileType = sourcecode.c.h; path = PopCell.h; sourceTree = "<group>"; };
		845108011C89113D000D16E2 /* PopCell.m */ = {isa = PBXFileReference; fileEncoding = 4; lastKnownFileType = sourcecode.c.objc; path = PopCell.m; sourceTree = "<group>"; };
		845108021C89113D000D16E2 /* PopCell.xib */ = {isa = PBXFileReference; fileEncoding = 4; lastKnownFileType = file.xib; path = PopCell.xib; sourceTree = "<group>"; };
		845108061C891B41000D16E2 /* ImagetCell.h */ = {isa = PBXFileReference; fileEncoding = 4; lastKnownFileType = sourcecode.c.h; path = ImagetCell.h; sourceTree = "<group>"; };
		845108071C891B41000D16E2 /* ImagetCell.m */ = {isa = PBXFileReference; fileEncoding = 4; lastKnownFileType = sourcecode.c.objc; path = ImagetCell.m; sourceTree = "<group>"; };
		845108081C891B41000D16E2 /* ImagetCell.xib */ = {isa = PBXFileReference; fileEncoding = 4; lastKnownFileType = file.xib; path = ImagetCell.xib; sourceTree = "<group>"; };
		845108091C891B41000D16E2 /* LastCell.h */ = {isa = PBXFileReference; fileEncoding = 4; lastKnownFileType = sourcecode.c.h; path = LastCell.h; sourceTree = "<group>"; };
		8451080A1C891B41000D16E2 /* LastCell.m */ = {isa = PBXFileReference; fileEncoding = 4; lastKnownFileType = sourcecode.c.objc; path = LastCell.m; sourceTree = "<group>"; };
		8451080B1C891B41000D16E2 /* LastCell.xib */ = {isa = PBXFileReference; fileEncoding = 4; lastKnownFileType = file.xib; path = LastCell.xib; sourceTree = "<group>"; };
		8451080C1C891B41000D16E2 /* SecondCell.h */ = {isa = PBXFileReference; fileEncoding = 4; lastKnownFileType = sourcecode.c.h; path = SecondCell.h; sourceTree = "<group>"; };
		8451080D1C891B41000D16E2 /* SecondCell.m */ = {isa = PBXFileReference; fileEncoding = 4; lastKnownFileType = sourcecode.c.objc; path = SecondCell.m; sourceTree = "<group>"; };
		8451080E1C891B41000D16E2 /* SecondCell.xib */ = {isa = PBXFileReference; fileEncoding = 4; lastKnownFileType = file.xib; path = SecondCell.xib; sourceTree = "<group>"; };
		8451080F1C891B41000D16E2 /* UserViewController.h */ = {isa = PBXFileReference; fileEncoding = 4; lastKnownFileType = sourcecode.c.h; path = UserViewController.h; sourceTree = "<group>"; };
		845108101C891B41000D16E2 /* UserViewController.m */ = {isa = PBXFileReference; fileEncoding = 4; lastKnownFileType = sourcecode.c.objc; path = UserViewController.m; sourceTree = "<group>"; };
		845108181C891BEA000D16E2 /* icon-1.png */ = {isa = PBXFileReference; lastKnownFileType = image.png; path = "icon-1.png"; sourceTree = "<group>"; };
		845108191C891BEB000D16E2 /* icon-2.png */ = {isa = PBXFileReference; lastKnownFileType = image.png; path = "icon-2.png"; sourceTree = "<group>"; };
		8451081A1C891BEB000D16E2 /* icon-3.png */ = {isa = PBXFileReference; lastKnownFileType = image.png; path = "icon-3.png"; sourceTree = "<group>"; };
		8451081B1C891BEB000D16E2 /* icon-4.png */ = {isa = PBXFileReference; lastKnownFileType = image.png; path = "icon-4.png"; sourceTree = "<group>"; };
		8451081C1C891BEB000D16E2 /* icon-5.png */ = {isa = PBXFileReference; lastKnownFileType = image.png; path = "icon-5.png"; sourceTree = "<group>"; };
		8451081D1C891BEB000D16E2 /* icon-6.png */ = {isa = PBXFileReference; lastKnownFileType = image.png; path = "icon-6.png"; sourceTree = "<group>"; };
		8451081E1C891BEB000D16E2 /* icon-8.png */ = {isa = PBXFileReference; lastKnownFileType = image.png; path = "icon-8.png"; sourceTree = "<group>"; };
		8451081F1C891BEB000D16E2 /* pho-tou.png.png */ = {isa = PBXFileReference; lastKnownFileType = image.png; path = "pho-tou.png.png"; sourceTree = "<group>"; };
		8451082A1C89236F000D16E2 /* GlobalFont.h */ = {isa = PBXFileReference; fileEncoding = 4; lastKnownFileType = sourcecode.c.h; path = GlobalFont.h; sourceTree = "<group>"; };
		8451082B1C89236F000D16E2 /* GlobalFont.m */ = {isa = PBXFileReference; fileEncoding = 4; lastKnownFileType = sourcecode.c.objc; path = GlobalFont.m; sourceTree = "<group>"; };
		8451083E1C894EC2000D16E2 /* LoginViewController.h */ = {isa = PBXFileReference; fileEncoding = 4; lastKnownFileType = sourcecode.c.h; path = LoginViewController.h; sourceTree = "<group>"; };
		8451083F1C894EC2000D16E2 /* LoginViewController.m */ = {isa = PBXFileReference; fileEncoding = 4; lastKnownFileType = sourcecode.c.objc; path = LoginViewController.m; sourceTree = "<group>"; };
		845108441C895002000D16E2 /* UIView+Draw.h */ = {isa = PBXFileReference; fileEncoding = 4; lastKnownFileType = sourcecode.c.h; path = "UIView+Draw.h"; sourceTree = "<group>"; };
		845108451C895002000D16E2 /* UIView+Draw.m */ = {isa = PBXFileReference; fileEncoding = 4; lastKnownFileType = sourcecode.c.objc; path = "UIView+Draw.m"; sourceTree = "<group>"; };
		845108471C895688000D16E2 /* pic-background.png */ = {isa = PBXFileReference; lastKnownFileType = image.png; path = "pic-background.png"; sourceTree = "<group>"; };
		845108491C895D52000D16E2 /* cancel@2x.png */ = {isa = PBXFileReference; lastKnownFileType = image.png; path = "cancel@2x.png"; sourceTree = "<group>"; };
		8451084B1C8961A6000D16E2 /* PPfirstCell.h */ = {isa = PBXFileReference; fileEncoding = 4; lastKnownFileType = sourcecode.c.h; path = PPfirstCell.h; sourceTree = "<group>"; };
		8451084C1C8961A6000D16E2 /* PPfirstCell.m */ = {isa = PBXFileReference; fileEncoding = 4; lastKnownFileType = sourcecode.c.objc; path = PPfirstCell.m; sourceTree = "<group>"; };
		8451084D1C8961A6000D16E2 /* PPfirstCell.xib */ = {isa = PBXFileReference; fileEncoding = 4; lastKnownFileType = file.xib; path = PPfirstCell.xib; sourceTree = "<group>"; };
		845108511C8971D2000D16E2 /* PP2ViewController.h */ = {isa = PBXFileReference; fileEncoding = 4; lastKnownFileType = sourcecode.c.h; path = PP2ViewController.h; sourceTree = "<group>"; };
		845108521C8971D2000D16E2 /* PP2ViewController.m */ = {isa = PBXFileReference; fileEncoding = 4; lastKnownFileType = sourcecode.c.objc; path = PP2ViewController.m; sourceTree = "<group>"; };
		845108531C8971D2000D16E2 /* PP2ViewController.xib */ = {isa = PBXFileReference; fileEncoding = 4; lastKnownFileType = file.xib; path = PP2ViewController.xib; sourceTree = "<group>"; };
		845108561C897704000D16E2 /* backicon.png */ = {isa = PBXFileReference; lastKnownFileType = image.png; path = backicon.png; sourceTree = "<group>"; };
		845108581C8978E5000D16E2 /* Pop3ViewController.h */ = {isa = PBXFileReference; fileEncoding = 4; lastKnownFileType = sourcecode.c.h; path = Pop3ViewController.h; sourceTree = "<group>"; };
		845108591C8978E5000D16E2 /* Pop3ViewController.m */ = {isa = PBXFileReference; fileEncoding = 4; lastKnownFileType = sourcecode.c.objc; path = Pop3ViewController.m; sourceTree = "<group>"; };
		8451085A1C8978E5000D16E2 /* Pop3ViewController.xib */ = {isa = PBXFileReference; fileEncoding = 4; lastKnownFileType = file.xib; path = Pop3ViewController.xib; sourceTree = "<group>"; };
		8451085D1C897AE3000D16E2 /* nexticon.png */ = {isa = PBXFileReference; lastKnownFileType = image.png; path = nexticon.png; sourceTree = "<group>"; };
		8455D4B25D68F76FAFD14F79 /* Pods.release.xcconfig */ = {isa = PBXFileReference; includeInIndex = 1; lastKnownFileType = text.xcconfig; name = Pods.release.xcconfig; path = "Pods/Target Support Files/Pods/Pods.release.xcconfig"; sourceTree = "<group>"; };
		847CC7551C88248D0063506B /* HotMessageCell.h */ = {isa = PBXFileReference; fileEncoding = 4; lastKnownFileType = sourcecode.c.h; path = HotMessageCell.h; sourceTree = "<group>"; };
		847CC7561C88248D0063506B /* HotMessageCell.m */ = {isa = PBXFileReference; fileEncoding = 4; lastKnownFileType = sourcecode.c.objc; path = HotMessageCell.m; sourceTree = "<group>"; };
		847CC7571C88248D0063506B /* HotMessageCell.xib */ = {isa = PBXFileReference; fileEncoding = 4; lastKnownFileType = file.xib; path = HotMessageCell.xib; sourceTree = "<group>"; };
		8493BC1C1C7C5D560011EC54 /* secendCell.h */ = {isa = PBXFileReference; fileEncoding = 4; lastKnownFileType = sourcecode.c.h; path = secendCell.h; sourceTree = "<group>"; };
		8493BC1D1C7C5D560011EC54 /* secendCell.m */ = {isa = PBXFileReference; fileEncoding = 4; lastKnownFileType = sourcecode.c.objc; path = secendCell.m; sourceTree = "<group>"; };
		8493BC1E1C7C5D560011EC54 /* secendCell.xib */ = {isa = PBXFileReference; fileEncoding = 4; lastKnownFileType = file.xib; path = secendCell.xib; sourceTree = "<group>"; };
		8493BC211C7C5D6C0011EC54 /* thirdCell.h */ = {isa = PBXFileReference; fileEncoding = 4; lastKnownFileType = sourcecode.c.h; path = thirdCell.h; sourceTree = "<group>"; };
		8493BC221C7C5D6C0011EC54 /* thirdCell.m */ = {isa = PBXFileReference; fileEncoding = 4; lastKnownFileType = sourcecode.c.objc; path = thirdCell.m; sourceTree = "<group>"; };
		8493BC231C7C5D6C0011EC54 /* thirdCell.xib */ = {isa = PBXFileReference; fileEncoding = 4; lastKnownFileType = file.xib; path = thirdCell.xib; sourceTree = "<group>"; };
		84AD7D5D1C7C0B620066064A /* FreeTravel.app */ = {isa = PBXFileReference; explicitFileType = wrapper.application; includeInIndex = 0; path = FreeTravel.app; sourceTree = BUILT_PRODUCTS_DIR; };
		84AD7D611C7C0B620066064A /* main.m */ = {isa = PBXFileReference; lastKnownFileType = sourcecode.c.objc; path = main.m; sourceTree = "<group>"; };
		84AD7D631C7C0B620066064A /* AppDelegate.h */ = {isa = PBXFileReference; lastKnownFileType = sourcecode.c.h; path = AppDelegate.h; sourceTree = "<group>"; };
		84AD7D641C7C0B620066064A /* AppDelegate.m */ = {isa = PBXFileReference; lastKnownFileType = sourcecode.c.objc; path = AppDelegate.m; sourceTree = "<group>"; };
		84AD7D661C7C0B620066064A /* ViewController.h */ = {isa = PBXFileReference; lastKnownFileType = sourcecode.c.h; path = ViewController.h; sourceTree = "<group>"; };
		84AD7D671C7C0B620066064A /* ViewController.m */ = {isa = PBXFileReference; lastKnownFileType = sourcecode.c.objc; path = ViewController.m; sourceTree = "<group>"; };
		84AD7D6A1C7C0B620066064A /* Base */ = {isa = PBXFileReference; lastKnownFileType = file.storyboard; name = Base; path = Base.lproj/Main.storyboard; sourceTree = "<group>"; };
		84AD7D6C1C7C0B620066064A /* Assets.xcassets */ = {isa = PBXFileReference; lastKnownFileType = folder.assetcatalog; path = Assets.xcassets; sourceTree = "<group>"; };
		84AD7D6F1C7C0B620066064A /* Base */ = {isa = PBXFileReference; lastKnownFileType = file.storyboard; name = Base; path = Base.lproj/LaunchScreen.storyboard; sourceTree = "<group>"; };
		84AD7D711C7C0B620066064A /* Info.plist */ = {isa = PBXFileReference; lastKnownFileType = text.plist.xml; path = Info.plist; sourceTree = "<group>"; };
		84AD7D761C7C0B630066064A /* FreeTravelTests.xctest */ = {isa = PBXFileReference; explicitFileType = wrapper.cfbundle; includeInIndex = 0; path = FreeTravelTests.xctest; sourceTree = BUILT_PRODUCTS_DIR; };
		84AD7D7A1C7C0B630066064A /* FreeTravelTests.m */ = {isa = PBXFileReference; lastKnownFileType = sourcecode.c.objc; path = FreeTravelTests.m; sourceTree = "<group>"; };
		84AD7D7C1C7C0B630066064A /* Info.plist */ = {isa = PBXFileReference; lastKnownFileType = text.plist.xml; path = Info.plist; sourceTree = "<group>"; };
		84AD7D811C7C0B630066064A /* FreeTravelUITests.xctest */ = {isa = PBXFileReference; explicitFileType = wrapper.cfbundle; includeInIndex = 0; path = FreeTravelUITests.xctest; sourceTree = BUILT_PRODUCTS_DIR; };
		84AD7D851C7C0B630066064A /* FreeTravelUITests.m */ = {isa = PBXFileReference; lastKnownFileType = sourcecode.c.objc; path = FreeTravelUITests.m; sourceTree = "<group>"; };
		84AD7D871C7C0B630066064A /* Info.plist */ = {isa = PBXFileReference; lastKnownFileType = text.plist.xml; path = Info.plist; sourceTree = "<group>"; };
		84AD7D941C7C0D000066064A /* firstCell.h */ = {isa = PBXFileReference; fileEncoding = 4; lastKnownFileType = sourcecode.c.h; path = firstCell.h; sourceTree = "<group>"; };
		84AD7D951C7C0D000066064A /* firstCell.m */ = {isa = PBXFileReference; fileEncoding = 4; lastKnownFileType = sourcecode.c.objc; path = firstCell.m; sourceTree = "<group>"; };
		84AD7D961C7C0D000066064A /* firstCell.xib */ = {isa = PBXFileReference; fileEncoding = 4; lastKnownFileType = file.xib; path = firstCell.xib; sourceTree = "<group>"; };
		84C32B6A1C7D5AF80080D786 /* Remu.jpg */ = {isa = PBXFileReference; lastKnownFileType = image.jpeg; path = Remu.jpg; sourceTree = "<group>"; };
		84C32B6B1C7D5AF80080D786 /* UUZ.jpg */ = {isa = PBXFileReference; lastKnownFileType = image.jpeg; path = UUZ.jpg; sourceTree = "<group>"; };
		84C32B6E1C7D91990080D786 /* icon_airticket.png */ = {isa = PBXFileReference; lastKnownFileType = image.png; path = icon_airticket.png; sourceTree = "<group>"; };
		84C32B6F1C7D91990080D786 /* icon_car.png */ = {isa = PBXFileReference; lastKnownFileType = image.png; path = icon_car.png; sourceTree = "<group>"; };
		84C32B701C7D91990080D786 /* icon_play.png */ = {isa = PBXFileReference; lastKnownFileType = image.png; path = icon_play.png; sourceTree = "<group>"; };
		84C32B711C7D91990080D786 /* icon_write.png */ = {isa = PBXFileReference; lastKnownFileType = image.png; path = icon_write.png; sourceTree = "<group>"; };
		84C32B721C7D91990080D786 /* icon1.png */ = {isa = PBXFileReference; lastKnownFileType = image.png; path = icon1.png; sourceTree = "<group>"; };
		84C32B731C7D91990080D786 /* icon2.png */ = {isa = PBXFileReference; lastKnownFileType = image.png; path = icon2.png; sourceTree = "<group>"; };
		84C32B741C7D91990080D786 /* icon3.png */ = {isa = PBXFileReference; lastKnownFileType = image.png; path = icon3.png; sourceTree = "<group>"; };
		84C32B751C7D91990080D786 /* icon4.png */ = {isa = PBXFileReference; lastKnownFileType = image.png; path = icon4.png; sourceTree = "<group>"; };
		84C32B761C7D91990080D786 /* imag_02.png */ = {isa = PBXFileReference; lastKnownFileType = image.png; path = imag_02.png; sourceTree = "<group>"; };
		84C32B771C7D91990080D786 /* imag_04.png */ = {isa = PBXFileReference; lastKnownFileType = image.png; path = imag_04.png; sourceTree = "<group>"; };
		84C32B781C7D91990080D786 /* imag_08.jpg */ = {isa = PBXFileReference; lastKnownFileType = image.jpeg; path = imag_08.jpg; sourceTree = "<group>"; };
		84C32B791C7D91990080D786 /* search.png */ = {isa = PBXFileReference; lastKnownFileType = image.png; path = search.png; sourceTree = "<group>"; };
		84D898611C853946007DEC7C /* header_02.jpg */ = {isa = PBXFileReference; lastKnownFileType = image.jpeg; path = header_02.jpg; sourceTree = "<group>"; };
		FAC8EBD8AC9017BFA0F350CB /* Pods.debug.xcconfig */ = {isa = PBXFileReference; includeInIndex = 1; lastKnownFileType = text.xcconfig; name = Pods.debug.xcconfig; path = "Pods/Target Support Files/Pods/Pods.debug.xcconfig"; sourceTree = "<group>"; };
/* End PBXFileReference section */

/* Begin PBXFrameworksBuildPhase section */
		84AD7D5A1C7C0B620066064A /* Frameworks */ = {
			isa = PBXFrameworksBuildPhase;
			buildActionMask = 2147483647;
			files = (
				F95A16842356B7CCFA4384D9 /* libPods.a in Frameworks */,
			);
			runOnlyForDeploymentPostprocessing = 0;
		};
		84AD7D731C7C0B630066064A /* Frameworks */ = {
			isa = PBXFrameworksBuildPhase;
			buildActionMask = 2147483647;
			files = (
			);
			runOnlyForDeploymentPostprocessing = 0;
		};
		84AD7D7E1C7C0B630066064A /* Frameworks */ = {
			isa = PBXFrameworksBuildPhase;
			buildActionMask = 2147483647;
			files = (
			);
			runOnlyForDeploymentPostprocessing = 0;
		};
/* End PBXFrameworksBuildPhase section */

/* Begin PBXGroup section */
		1C5E41361C888978009314C8 /* code */ = {
			isa = PBXGroup;
			children = (
				1C5E412D1C888972009314C8 /* NSArray Chinese.h */,
				1C5E412E1C888972009314C8 /* NSArray Chinese.m */,
				1C5E412F1C888972009314C8 /* NSDictionary Chinese.h */,
				1C5E41301C888972009314C8 /* NSDictionary Chinese.m */,
				1C5E41311C888972009314C8 /* NSSet Chinese.h */,
				1C5E41321C888972009314C8 /* NSSet Chinese.m */,
			);
			name = code;
			sourceTree = "<group>";
		};
		4C7E1836D9F7AAE72D9F5223 /* Frameworks */ = {
			isa = PBXGroup;
			children = (
				5940103BB85126F45BE4D60D /* libPods.a */,
			);
			name = Frameworks;
			sourceTree = "<group>";
		};
		840643A31C885B910069DF39 /* Map */ = {
			isa = PBXGroup;
			children = (
				8406439E1C885B850069DF39 /* MapViewController.h */,
				8406439F1C885B850069DF39 /* MapViewController.m */,
			);
			name = Map;
			sourceTree = "<group>";
		};
		845108051C891B2C000D16E2 /* User */ = {
			isa = PBXGroup;
			children = (
				8451080F1C891B41000D16E2 /* UserViewController.h */,
				845108101C891B41000D16E2 /* UserViewController.m */,
				8451083E1C894EC2000D16E2 /* LoginViewController.h */,
				8451083F1C894EC2000D16E2 /* LoginViewController.m */,
				845108061C891B41000D16E2 /* ImagetCell.h */,
				845108071C891B41000D16E2 /* ImagetCell.m */,
				845108081C891B41000D16E2 /* ImagetCell.xib */,
				8451080C1C891B41000D16E2 /* SecondCell.h */,
				8451080D1C891B41000D16E2 /* SecondCell.m */,
				8451080E1C891B41000D16E2 /* SecondCell.xib */,
				845108091C891B41000D16E2 /* LastCell.h */,
				8451080A1C891B41000D16E2 /* LastCell.m */,
				8451080B1C891B41000D16E2 /* LastCell.xib */,
			);
			name = User;
			sourceTree = "<group>";
		};
		845108321C892CEB000D16E2 /* Pop1 */ = {
			isa = PBXGroup;
			children = (
				840643941C88425F0069DF39 /* PPViewController.h */,
				840643951C88425F0069DF39 /* PPViewController.m */,
				840643961C88425F0069DF39 /* PPViewController.xib */,
				845108001C89113D000D16E2 /* PopCell.h */,
				845108011C89113D000D16E2 /* PopCell.m */,
				845108021C89113D000D16E2 /* PopCell.xib */,
			);
			name = Pop1;
			sourceTree = "<group>";
		};
		845108331C892D10000D16E2 /* Pop2 */ = {
			isa = PBXGroup;
			children = (
				845108511C8971D2000D16E2 /* PP2ViewController.h */,
				845108521C8971D2000D16E2 /* PP2ViewController.m */,
				845108531C8971D2000D16E2 /* PP2ViewController.xib */,
				8451084B1C8961A6000D16E2 /* PPfirstCell.h */,
				8451084C1C8961A6000D16E2 /* PPfirstCell.m */,
				8451084D1C8961A6000D16E2 /* PPfirstCell.xib */,
			);
			name = Pop2;
			sourceTree = "<group>";
		};
		845108501C89655F000D16E2 /* Pop3 */ = {
			isa = PBXGroup;
			children = (
				845108581C8978E5000D16E2 /* Pop3ViewController.h */,
				845108591C8978E5000D16E2 /* Pop3ViewController.m */,
				8451085A1C8978E5000D16E2 /* Pop3ViewController.xib */,
			);
			name = Pop3;
			sourceTree = "<group>";
		};
		84AD7D541C7C0B620066064A = {
			isa = PBXGroup;
			children = (
				840643A41C885CF70069DF39 /* Podfile */,
				84AD7D5F1C7C0B620066064A /* FreeTravel */,
				84AD7D791C7C0B630066064A /* FreeTravelTests */,
				84AD7D841C7C0B630066064A /* FreeTravelUITests */,
				84AD7D5E1C7C0B620066064A /* Products */,
				D844396866B03139EDA78097 /* Pods */,
				4C7E1836D9F7AAE72D9F5223 /* Frameworks */,
			);
			sourceTree = "<group>";
		};
		84AD7D5E1C7C0B620066064A /* Products */ = {
			isa = PBXGroup;
			children = (
				84AD7D5D1C7C0B620066064A /* FreeTravel.app */,
				84AD7D761C7C0B630066064A /* FreeTravelTests.xctest */,
				84AD7D811C7C0B630066064A /* FreeTravelUITests.xctest */,
			);
			name = Products;
			sourceTree = "<group>";
		};
		84AD7D5F1C7C0B620066064A /* FreeTravel */ = {
			isa = PBXGroup;
			children = (
				1C5E41361C888978009314C8 /* code */,
				84AD7D631C7C0B620066064A /* AppDelegate.h */,
				84AD7D641C7C0B620066064A /* AppDelegate.m */,
				8451082A1C89236F000D16E2 /* GlobalFont.h */,
				8451082B1C89236F000D16E2 /* GlobalFont.m */,
				845108441C895002000D16E2 /* UIView+Draw.h */,
				845108451C895002000D16E2 /* UIView+Draw.m */,
				84AD7D691C7C0B620066064A /* Main.storyboard */,
				84C32B651C7D5AB20080D786 /* Media */,
				84AD7D931C7C0C440066064A /* HomeView */,
				840643A31C885B910069DF39 /* Map */,
				845108051C891B2C000D16E2 /* User */,
				84AD7D6C1C7C0B620066064A /* Assets.xcassets */,
				84AD7D6E1C7C0B620066064A /* LaunchScreen.storyboard */,
				84AD7D711C7C0B620066064A /* Info.plist */,
				84AD7D601C7C0B620066064A /* Supporting Files */,
			);
			path = FreeTravel;
			sourceTree = "<group>";
		};
		84AD7D601C7C0B620066064A /* Supporting Files */ = {
			isa = PBXGroup;
			children = (
				84AD7D611C7C0B620066064A /* main.m */,
			);
			name = "Supporting Files";
			sourceTree = "<group>";
		};
		84AD7D791C7C0B630066064A /* FreeTravelTests */ = {
			isa = PBXGroup;
			children = (
				84AD7D7A1C7C0B630066064A /* FreeTravelTests.m */,
				84AD7D7C1C7C0B630066064A /* Info.plist */,
			);
			path = FreeTravelTests;
			sourceTree = "<group>";
		};
		84AD7D841C7C0B630066064A /* FreeTravelUITests */ = {
			isa = PBXGroup;
			children = (
				84AD7D851C7C0B630066064A /* FreeTravelUITests.m */,
				84AD7D871C7C0B630066064A /* Info.plist */,
			);
			path = FreeTravelUITests;
			sourceTree = "<group>";
		};
		84AD7D931C7C0C440066064A /* HomeView */ = {
			isa = PBXGroup;
			children = (
				845108321C892CEB000D16E2 /* Pop1 */,
				845108331C892D10000D16E2 /* Pop2 */,
				845108501C89655F000D16E2 /* Pop3 */,
				840643991C8844A90069DF39 /* FSDropDownMenu.h */,
				8406439A1C8844A90069DF39 /* FSDropDownMenu.m */,
				84AD7D661C7C0B620066064A /* ViewController.h */,
				84AD7D671C7C0B620066064A /* ViewController.m */,
				84AD7D941C7C0D000066064A /* firstCell.h */,
				84AD7D951C7C0D000066064A /* firstCell.m */,
				84AD7D961C7C0D000066064A /* firstCell.xib */,
				8493BC1C1C7C5D560011EC54 /* secendCell.h */,
				8493BC1D1C7C5D560011EC54 /* secendCell.m */,
				8493BC1E1C7C5D560011EC54 /* secendCell.xib */,
				8493BC211C7C5D6C0011EC54 /* thirdCell.h */,
				8493BC221C7C5D6C0011EC54 /* thirdCell.m */,
				8493BC231C7C5D6C0011EC54 /* thirdCell.xib */,
				847CC7551C88248D0063506B /* HotMessageCell.h */,
				847CC7561C88248D0063506B /* HotMessageCell.m */,
				847CC7571C88248D0063506B /* HotMessageCell.xib */,
			);
			name = HomeView;
			sourceTree = "<group>";
		};
		84C32B651C7D5AB20080D786 /* Media */ = {
			isa = PBXGroup;
			children = (
				8451085D1C897AE3000D16E2 /* nexticon.png */,
				845108561C897704000D16E2 /* backicon.png */,
				845108181C891BEA000D16E2 /* icon-1.png */,
				845108191C891BEB000D16E2 /* icon-2.png */,
				8451081A1C891BEB000D16E2 /* icon-3.png */,
				8451081B1C891BEB000D16E2 /* icon-4.png */,
				8451081C1C891BEB000D16E2 /* icon-5.png */,
				8451081D1C891BEB000D16E2 /* icon-6.png */,
				8451081E1C891BEB000D16E2 /* icon-8.png */,
				8451081F1C891BEB000D16E2 /* pho-tou.png.png */,
				845108471C895688000D16E2 /* pic-background.png */,
				8406439C1C8858E90069DF39 /* expandableImage@2x.png */,
				1C5E41291C888205009314C8 /* nav_back1.jpg */,
				84C32B6A1C7D5AF80080D786 /* Remu.jpg */,
				84C32B6B1C7D5AF80080D786 /* UUZ.jpg */,
				84D898611C853946007DEC7C /* header_02.jpg */,
				84C32B6E1C7D91990080D786 /* icon_airticket.png */,
				84C32B6F1C7D91990080D786 /* icon_car.png */,
				84C32B701C7D91990080D786 /* icon_play.png */,
				84C32B711C7D91990080D786 /* icon_write.png */,
				84C32B721C7D91990080D786 /* icon1.png */,
				84C32B731C7D91990080D786 /* icon2.png */,
				84C32B741C7D91990080D786 /* icon3.png */,
				84C32B751C7D91990080D786 /* icon4.png */,
				84C32B761C7D91990080D786 /* imag_02.png */,
				84C32B771C7D91990080D786 /* imag_04.png */,
				84C32B781C7D91990080D786 /* imag_08.jpg */,
				84C32B791C7D91990080D786 /* search.png */,
				845108491C895D52000D16E2 /* cancel@2x.png */,
			);
			name = Media;
			sourceTree = "<group>";
		};
		D844396866B03139EDA78097 /* Pods */ = {
			isa = PBXGroup;
			children = (
				FAC8EBD8AC9017BFA0F350CB /* Pods.debug.xcconfig */,
				8455D4B25D68F76FAFD14F79 /* Pods.release.xcconfig */,
			);
			name = Pods;
			sourceTree = "<group>";
		};
/* End PBXGroup section */

/* Begin PBXNativeTarget section */
		84AD7D5C1C7C0B620066064A /* FreeTravel */ = {
			isa = PBXNativeTarget;
			buildConfigurationList = 84AD7D8A1C7C0B630066064A /* Build configuration list for PBXNativeTarget "FreeTravel" */;
			buildPhases = (
				56DE76D60DF14482A87182E3 /* Check Pods Manifest.lock */,
				84AD7D591C7C0B620066064A /* Sources */,
				84AD7D5A1C7C0B620066064A /* Frameworks */,
				84AD7D5B1C7C0B620066064A /* Resources */,
				3B7A7C3449C5745B042F5D00 /* Embed Pods Frameworks */,
				3F5700ABC32EAFCC7D1F0B38 /* Copy Pods Resources */,
			);
			buildRules = (
			);
			dependencies = (
			);
			name = FreeTravel;
			productName = FreeTravel;
			productReference = 84AD7D5D1C7C0B620066064A /* FreeTravel.app */;
			productType = "com.apple.product-type.application";
		};
		84AD7D751C7C0B630066064A /* FreeTravelTests */ = {
			isa = PBXNativeTarget;
			buildConfigurationList = 84AD7D8D1C7C0B630066064A /* Build configuration list for PBXNativeTarget "FreeTravelTests" */;
			buildPhases = (
				84AD7D721C7C0B630066064A /* Sources */,
				84AD7D731C7C0B630066064A /* Frameworks */,
				84AD7D741C7C0B630066064A /* Resources */,
			);
			buildRules = (
			);
			dependencies = (
				84AD7D781C7C0B630066064A /* PBXTargetDependency */,
			);
			name = FreeTravelTests;
			productName = FreeTravelTests;
			productReference = 84AD7D761C7C0B630066064A /* FreeTravelTests.xctest */;
			productType = "com.apple.product-type.bundle.unit-test";
		};
		84AD7D801C7C0B630066064A /* FreeTravelUITests */ = {
			isa = PBXNativeTarget;
			buildConfigurationList = 84AD7D901C7C0B630066064A /* Build configuration list for PBXNativeTarget "FreeTravelUITests" */;
			buildPhases = (
				84AD7D7D1C7C0B630066064A /* Sources */,
				84AD7D7E1C7C0B630066064A /* Frameworks */,
				84AD7D7F1C7C0B630066064A /* Resources */,
			);
			buildRules = (
			);
			dependencies = (
				84AD7D831C7C0B630066064A /* PBXTargetDependency */,
			);
			name = FreeTravelUITests;
			productName = FreeTravelUITests;
			productReference = 84AD7D811C7C0B630066064A /* FreeTravelUITests.xctest */;
			productType = "com.apple.product-type.bundle.ui-testing";
		};
/* End PBXNativeTarget section */

/* Begin PBXProject section */
		84AD7D551C7C0B620066064A /* Project object */ = {
			isa = PBXProject;
			attributes = {
				LastUpgradeCheck = 0710;
				ORGANIZATIONNAME = Miko;
				TargetAttributes = {
					84AD7D5C1C7C0B620066064A = {
						CreatedOnToolsVersion = 7.1;
						DevelopmentTeam = NU355HK68D;
					};
					84AD7D751C7C0B630066064A = {
						CreatedOnToolsVersion = 7.1;
						TestTargetID = 84AD7D5C1C7C0B620066064A;
					};
					84AD7D801C7C0B630066064A = {
						CreatedOnToolsVersion = 7.1;
						TestTargetID = 84AD7D5C1C7C0B620066064A;
					};
				};
			};
			buildConfigurationList = 84AD7D581C7C0B620066064A /* Build configuration list for PBXProject "FreeTravel" */;
			compatibilityVersion = "Xcode 3.2";
			developmentRegion = English;
			hasScannedForEncodings = 0;
			knownRegions = (
				en,
				Base,
			);
			mainGroup = 84AD7D541C7C0B620066064A;
			productRefGroup = 84AD7D5E1C7C0B620066064A /* Products */;
			projectDirPath = "";
			projectRoot = "";
			targets = (
				84AD7D5C1C7C0B620066064A /* FreeTravel */,
				84AD7D751C7C0B630066064A /* FreeTravelTests */,
				84AD7D801C7C0B630066064A /* FreeTravelUITests */,
			);
		};
/* End PBXProject section */

/* Begin PBXResourcesBuildPhase section */
		84AD7D5B1C7C0B620066064A /* Resources */ = {
			isa = PBXResourcesBuildPhase;
			buildActionMask = 2147483647;
			files = (
				84C32B7D1C7D91990080D786 /* icon_write.png in Resources */,
				8451084A1C895D52000D16E2 /* cancel@2x.png in Resources */,
				845108221C891BEB000D16E2 /* icon-2.png in Resources */,
				845108271C891BEB000D16E2 /* icon-8.png in Resources */,
				84C32B7C1C7D91990080D786 /* icon_play.png in Resources */,
				845108141C891B41000D16E2 /* LastCell.xib in Resources */,
				845108211C891BEB000D16E2 /* icon-1.png in Resources */,
				845108041C89113D000D16E2 /* PopCell.xib in Resources */,
				8493BC201C7C5D560011EC54 /* secendCell.xib in Resources */,
				840643981C88425F0069DF39 /* PPViewController.xib in Resources */,
				845108241C891BEB000D16E2 /* icon-4.png in Resources */,
				84C32B7B1C7D91990080D786 /* icon_car.png in Resources */,
				845108281C891BEB000D16E2 /* pho-tou.png.png in Resources */,
				8406439D1C8858E90069DF39 /* expandableImage@2x.png in Resources */,
				84AD7D701C7C0B620066064A /* LaunchScreen.storyboard in Resources */,
				84C32B821C7D91990080D786 /* imag_02.png in Resources */,
				84D898621C853946007DEC7C /* header_02.jpg in Resources */,
				84C32B7F1C7D91990080D786 /* icon2.png in Resources */,
				845108251C891BEB000D16E2 /* icon-5.png in Resources */,
				84C32B7A1C7D91990080D786 /* icon_airticket.png in Resources */,
				845108121C891B41000D16E2 /* ImagetCell.xib in Resources */,
				845108481C895688000D16E2 /* pic-background.png in Resources */,
				84C32B6D1C7D5AF80080D786 /* UUZ.jpg in Resources */,
				8451085E1C897AE3000D16E2 /* nexticon.png in Resources */,
				84AD7D6D1C7C0B620066064A /* Assets.xcassets in Resources */,
				845108261C891BEB000D16E2 /* icon-6.png in Resources */,
				84C32B841C7D91990080D786 /* imag_08.jpg in Resources */,
				845108571C897704000D16E2 /* backicon.png in Resources */,
				845108551C8971D2000D16E2 /* PP2ViewController.xib in Resources */,
				84C32B811C7D91990080D786 /* icon4.png in Resources */,
				845108161C891B41000D16E2 /* SecondCell.xib in Resources */,
				84C32B6C1C7D5AF80080D786 /* Remu.jpg in Resources */,
				84AD7D981C7C0D000066064A /* firstCell.xib in Resources */,
				84AD7D6B1C7C0B620066064A /* Main.storyboard in Resources */,
				84C32B851C7D91990080D786 /* search.png in Resources */,
				8451084F1C8961A6000D16E2 /* PPfirstCell.xib in Resources */,
				8493BC251C7C5D6C0011EC54 /* thirdCell.xib in Resources */,
				8451085C1C8978E5000D16E2 /* Pop3ViewController.xib in Resources */,
				84C32B7E1C7D91990080D786 /* icon1.png in Resources */,
				845108231C891BEB000D16E2 /* icon-3.png in Resources */,
				847CC7591C88248D0063506B /* HotMessageCell.xib in Resources */,
				840643A51C885CF70069DF39 /* Podfile in Resources */,
				84C32B801C7D91990080D786 /* icon3.png in Resources */,
				1C5E412A1C888205009314C8 /* nav_back1.jpg in Resources */,
				84C32B831C7D91990080D786 /* imag_04.png in Resources */,
			);
			runOnlyForDeploymentPostprocessing = 0;
		};
		84AD7D741C7C0B630066064A /* Resources */ = {
			isa = PBXResourcesBuildPhase;
			buildActionMask = 2147483647;
			files = (
			);
			runOnlyForDeploymentPostprocessing = 0;
		};
		84AD7D7F1C7C0B630066064A /* Resources */ = {
			isa = PBXResourcesBuildPhase;
			buildActionMask = 2147483647;
			files = (
			);
			runOnlyForDeploymentPostprocessing = 0;
		};
/* End PBXResourcesBuildPhase section */

/* Begin PBXShellScriptBuildPhase section */
		3B7A7C3449C5745B042F5D00 /* Embed Pods Frameworks */ = {
			isa = PBXShellScriptBuildPhase;
			buildActionMask = 2147483647;
			files = (
			);
			inputPaths = (
			);
			name = "Embed Pods Frameworks";
			outputPaths = (
			);
			runOnlyForDeploymentPostprocessing = 0;
			shellPath = /bin/sh;
			shellScript = "\"${SRCROOT}/Pods/Target Support Files/Pods/Pods-frameworks.sh\"\n";
			showEnvVarsInLog = 0;
		};
		3F5700ABC32EAFCC7D1F0B38 /* Copy Pods Resources */ = {
			isa = PBXShellScriptBuildPhase;
			buildActionMask = 2147483647;
			files = (
			);
			inputPaths = (
			);
			name = "Copy Pods Resources";
			outputPaths = (
			);
			runOnlyForDeploymentPostprocessing = 0;
			shellPath = /bin/sh;
			shellScript = "\"${SRCROOT}/Pods/Target Support Files/Pods/Pods-resources.sh\"\n";
			showEnvVarsInLog = 0;
		};
		56DE76D60DF14482A87182E3 /* Check Pods Manifest.lock */ = {
			isa = PBXShellScriptBuildPhase;
			buildActionMask = 2147483647;
			files = (
			);
			inputPaths = (
			);
			name = "Check Pods Manifest.lock";
			outputPaths = (
			);
			runOnlyForDeploymentPostprocessing = 0;
			shellPath = /bin/sh;
			shellScript = "diff \"${PODS_ROOT}/../Podfile.lock\" \"${PODS_ROOT}/Manifest.lock\" > /dev/null\nif [[ $? != 0 ]] ; then\n    cat << EOM\nerror: The sandbox is not in sync with the Podfile.lock. Run 'pod install' or update your CocoaPods installation.\nEOM\n    exit 1\nfi\n";
			showEnvVarsInLog = 0;
		};
/* End PBXShellScriptBuildPhase section */

/* Begin PBXSourcesBuildPhase section */
		84AD7D591C7C0B620066064A /* Sources */ = {
			isa = PBXSourcesBuildPhase;
			buildActionMask = 2147483647;
			files = (
				8451085B1C8978E5000D16E2 /* Pop3ViewController.m in Sources */,
				847CC7581C88248D0063506B /* HotMessageCell.m in Sources */,
				84AD7D681C7C0B620066064A /* ViewController.m in Sources */,
				8493BC241C7C5D6C0011EC54 /* thirdCell.m in Sources */,
				845108031C89113D000D16E2 /* PopCell.m in Sources */,
				1C5E41341C888972009314C8 /* NSDictionary Chinese.m in Sources */,
				84AD7D651C7C0B620066064A /* AppDelegate.m in Sources */,
				845108461C895002000D16E2 /* UIView+Draw.m in Sources */,
				840643971C88425F0069DF39 /* PPViewController.m in Sources */,
				845108111C891B41000D16E2 /* ImagetCell.m in Sources */,
				84AD7D971C7C0D000066064A /* firstCell.m in Sources */,
				845108171C891B41000D16E2 /* UserViewController.m in Sources */,
				845108401C894EC2000D16E2 /* LoginViewController.m in Sources */,
				845108131C891B41000D16E2 /* LastCell.m in Sources */,
				8493BC1F1C7C5D560011EC54 /* secendCell.m in Sources */,
				8451082C1C89236F000D16E2 /* GlobalFont.m in Sources */,
				845108151C891B41000D16E2 /* SecondCell.m in Sources */,
				8451084E1C8961A6000D16E2 /* PPfirstCell.m in Sources */,
				1C5E41351C888972009314C8 /* NSSet Chinese.m in Sources */,
				840643A11C885B850069DF39 /* MapViewController.m in Sources */,
				8406439B1C8844A90069DF39 /* FSDropDownMenu.m in Sources */,
				1C5E41331C888972009314C8 /* NSArray Chinese.m in Sources */,
				84AD7D621C7C0B620066064A /* main.m in Sources */,
				845108541C8971D2000D16E2 /* PP2ViewController.m in Sources */,
			);
			runOnlyForDeploymentPostprocessing = 0;
		};
		84AD7D721C7C0B630066064A /* Sources */ = {
			isa = PBXSourcesBuildPhase;
			buildActionMask = 2147483647;
			files = (
				84AD7D7B1C7C0B630066064A /* FreeTravelTests.m in Sources */,
			);
			runOnlyForDeploymentPostprocessing = 0;
		};
		84AD7D7D1C7C0B630066064A /* Sources */ = {
			isa = PBXSourcesBuildPhase;
			buildActionMask = 2147483647;
			files = (
				84AD7D861C7C0B630066064A /* FreeTravelUITests.m in Sources */,
			);
			runOnlyForDeploymentPostprocessing = 0;
		};
/* End PBXSourcesBuildPhase section */

/* Begin PBXTargetDependency section */
		84AD7D781C7C0B630066064A /* PBXTargetDependency */ = {
			isa = PBXTargetDependency;
			target = 84AD7D5C1C7C0B620066064A /* FreeTravel */;
			targetProxy = 84AD7D771C7C0B630066064A /* PBXContainerItemProxy */;
		};
		84AD7D831C7C0B630066064A /* PBXTargetDependency */ = {
			isa = PBXTargetDependency;
			target = 84AD7D5C1C7C0B620066064A /* FreeTravel */;
			targetProxy = 84AD7D821C7C0B630066064A /* PBXContainerItemProxy */;
		};
/* End PBXTargetDependency section */

/* Begin PBXVariantGroup section */
		84AD7D691C7C0B620066064A /* Main.storyboard */ = {
			isa = PBXVariantGroup;
			children = (
				84AD7D6A1C7C0B620066064A /* Base */,
			);
			name = Main.storyboard;
			sourceTree = "<group>";
		};
		84AD7D6E1C7C0B620066064A /* LaunchScreen.storyboard */ = {
			isa = PBXVariantGroup;
			children = (
				84AD7D6F1C7C0B620066064A /* Base */,
			);
			name = LaunchScreen.storyboard;
			sourceTree = "<group>";
		};
/* End PBXVariantGroup section */

/* Begin XCBuildConfiguration section */
		84AD7D881C7C0B630066064A /* Debug */ = {
			isa = XCBuildConfiguration;
			buildSettings = {
				ALWAYS_SEARCH_USER_PATHS = NO;
				CLANG_CXX_LANGUAGE_STANDARD = "gnu++0x";
				CLANG_CXX_LIBRARY = "libc++";
				CLANG_ENABLE_MODULES = YES;
				CLANG_ENABLE_OBJC_ARC = YES;
				CLANG_WARN_BOOL_CONVERSION = YES;
				CLANG_WARN_CONSTANT_CONVERSION = YES;
				CLANG_WARN_DIRECT_OBJC_ISA_USAGE = YES_ERROR;
				CLANG_WARN_EMPTY_BODY = YES;
				CLANG_WARN_ENUM_CONVERSION = YES;
				CLANG_WARN_INT_CONVERSION = YES;
				CLANG_WARN_OBJC_ROOT_CLASS = YES_ERROR;
				CLANG_WARN_UNREACHABLE_CODE = YES;
				CLANG_WARN__DUPLICATE_METHOD_MATCH = YES;
				"CODE_SIGN_IDENTITY[sdk=iphoneos*]" = "iPhone Developer";
				COPY_PHASE_STRIP = NO;
				DEBUG_INFORMATION_FORMAT = dwarf;
				ENABLE_STRICT_OBJC_MSGSEND = YES;
				ENABLE_TESTABILITY = YES;
				GCC_C_LANGUAGE_STANDARD = gnu99;
				GCC_DYNAMIC_NO_PIC = NO;
				GCC_NO_COMMON_BLOCKS = YES;
				GCC_OPTIMIZATION_LEVEL = 0;
				GCC_PREPROCESSOR_DEFINITIONS = (
					"DEBUG=1",
					"$(inherited)",
				);
				GCC_WARN_64_TO_32_BIT_CONVERSION = YES;
				GCC_WARN_ABOUT_RETURN_TYPE = YES_ERROR;
				GCC_WARN_UNDECLARED_SELECTOR = YES;
				GCC_WARN_UNINITIALIZED_AUTOS = YES_AGGRESSIVE;
				GCC_WARN_UNUSED_FUNCTION = YES;
				GCC_WARN_UNUSED_VARIABLE = YES;
				IPHONEOS_DEPLOYMENT_TARGET = 9.1;
				MTL_ENABLE_DEBUG_INFO = YES;
				ONLY_ACTIVE_ARCH = YES;
				SDKROOT = iphoneos;
				TARGETED_DEVICE_FAMILY = "1,2";
			};
			name = Debug;
		};
		84AD7D891C7C0B630066064A /* Release */ = {
			isa = XCBuildConfiguration;
			buildSettings = {
				ALWAYS_SEARCH_USER_PATHS = NO;
				CLANG_CXX_LANGUAGE_STANDARD = "gnu++0x";
				CLANG_CXX_LIBRARY = "libc++";
				CLANG_ENABLE_MODULES = YES;
				CLANG_ENABLE_OBJC_ARC = YES;
				CLANG_WARN_BOOL_CONVERSION = YES;
				CLANG_WARN_CONSTANT_CONVERSION = YES;
				CLANG_WARN_DIRECT_OBJC_ISA_USAGE = YES_ERROR;
				CLANG_WARN_EMPTY_BODY = YES;
				CLANG_WARN_ENUM_CONVERSION = YES;
				CLANG_WARN_INT_CONVERSION = YES;
				CLANG_WARN_OBJC_ROOT_CLASS = YES_ERROR;
				CLANG_WARN_UNREACHABLE_CODE = YES;
				CLANG_WARN__DUPLICATE_METHOD_MATCH = YES;
				"CODE_SIGN_IDENTITY[sdk=iphoneos*]" = "iPhone Developer";
				COPY_PHASE_STRIP = NO;
				DEBUG_INFORMATION_FORMAT = "dwarf-with-dsym";
				ENABLE_NS_ASSERTIONS = NO;
				ENABLE_STRICT_OBJC_MSGSEND = YES;
				GCC_C_LANGUAGE_STANDARD = gnu99;
				GCC_NO_COMMON_BLOCKS = YES;
				GCC_WARN_64_TO_32_BIT_CONVERSION = YES;
				GCC_WARN_ABOUT_RETURN_TYPE = YES_ERROR;
				GCC_WARN_UNDECLARED_SELECTOR = YES;
				GCC_WARN_UNINITIALIZED_AUTOS = YES_AGGRESSIVE;
				GCC_WARN_UNUSED_FUNCTION = YES;
				GCC_WARN_UNUSED_VARIABLE = YES;
				IPHONEOS_DEPLOYMENT_TARGET = 9.1;
				MTL_ENABLE_DEBUG_INFO = NO;
				SDKROOT = iphoneos;
				TARGETED_DEVICE_FAMILY = "1,2";
				VALIDATE_PRODUCT = YES;
			};
			name = Release;
		};
		84AD7D8B1C7C0B630066064A /* Debug */ = {
			isa = XCBuildConfiguration;
			baseConfigurationReference = FAC8EBD8AC9017BFA0F350CB /* Pods.debug.xcconfig */;
			buildSettings = {
				ASSETCATALOG_COMPILER_APPICON_NAME = AppIcon;
				CODE_SIGN_IDENTITY = "iPhone Developer";
				INFOPLIST_FILE = FreeTravel/Info.plist;
				IPHONEOS_DEPLOYMENT_TARGET = 9.1;
				LD_RUNPATH_SEARCH_PATHS = "$(inherited) @executable_path/Frameworks";
				PRODUCT_BUNDLE_IDENTIFIER = com.Cckong.FreeTravel;
				PRODUCT_NAME = "$(TARGET_NAME)";
			};
			name = Debug;
		};
		84AD7D8C1C7C0B630066064A /* Release */ = {
			isa = XCBuildConfiguration;
			baseConfigurationReference = 8455D4B25D68F76FAFD14F79 /* Pods.release.xcconfig */;
			buildSettings = {
				ASSETCATALOG_COMPILER_APPICON_NAME = AppIcon;
				CODE_SIGN_IDENTITY = "iPhone Developer";
				INFOPLIST_FILE = FreeTravel/Info.plist;
				IPHONEOS_DEPLOYMENT_TARGET = 9.1;
				LD_RUNPATH_SEARCH_PATHS = "$(inherited) @executable_path/Frameworks";
				PRODUCT_BUNDLE_IDENTIFIER = com.Cckong.FreeTravel;
				PRODUCT_NAME = "$(TARGET_NAME)";
			};
			name = Release;
		};
		84AD7D8E1C7C0B630066064A /* Debug */ = {
			isa = XCBuildConfiguration;
			buildSettings = {
				BUNDLE_LOADER = "$(TEST_HOST)";
				INFOPLIST_FILE = FreeTravelTests/Info.plist;
				LD_RUNPATH_SEARCH_PATHS = "$(inherited) @executable_path/Frameworks @loader_path/Frameworks";
				PRODUCT_BUNDLE_IDENTIFIER = com.Cckong.FreeTravelTests;
				PRODUCT_NAME = "$(TARGET_NAME)";
				TEST_HOST = "$(BUILT_PRODUCTS_DIR)/FreeTravel.app/FreeTravel";
			};
			name = Debug;
		};
		84AD7D8F1C7C0B630066064A /* Release */ = {
			isa = XCBuildConfiguration;
			buildSettings = {
				BUNDLE_LOADER = "$(TEST_HOST)";
				INFOPLIST_FILE = FreeTravelTests/Info.plist;
				LD_RUNPATH_SEARCH_PATHS = "$(inherited) @executable_path/Frameworks @loader_path/Frameworks";
				PRODUCT_BUNDLE_IDENTIFIER = com.Cckong.FreeTravelTests;
				PRODUCT_NAME = "$(TARGET_NAME)";
				TEST_HOST = "$(BUILT_PRODUCTS_DIR)/FreeTravel.app/FreeTravel";
			};
			name = Release;
		};
		84AD7D911C7C0B630066064A /* Debug */ = {
			isa = XCBuildConfiguration;
			buildSettings = {
				INFOPLIST_FILE = FreeTravelUITests/Info.plist;
				LD_RUNPATH_SEARCH_PATHS = "$(inherited) @executable_path/Frameworks @loader_path/Frameworks";
				PRODUCT_BUNDLE_IDENTIFIER = com.Cckong.FreeTravelUITests;
				PRODUCT_NAME = "$(TARGET_NAME)";
				TEST_TARGET_NAME = FreeTravel;
				USES_XCTRUNNER = YES;
			};
			name = Debug;
		};
		84AD7D921C7C0B630066064A /* Release */ = {
			isa = XCBuildConfiguration;
			buildSettings = {
				INFOPLIST_FILE = FreeTravelUITests/Info.plist;
				LD_RUNPATH_SEARCH_PATHS = "$(inherited) @executable_path/Frameworks @loader_path/Frameworks";
				PRODUCT_BUNDLE_IDENTIFIER = com.Cckong.FreeTravelUITests;
				PRODUCT_NAME = "$(TARGET_NAME)";
				TEST_TARGET_NAME = FreeTravel;
				USES_XCTRUNNER = YES;
			};
			name = Release;
		};
/* End XCBuildConfiguration section */

/* Begin XCConfigurationList section */
		84AD7D581C7C0B620066064A /* Build configuration list for PBXProject "FreeTravel" */ = {
			isa = XCConfigurationList;
			buildConfigurations = (
				84AD7D881C7C0B630066064A /* Debug */,
				84AD7D891C7C0B630066064A /* Release */,
			);
			defaultConfigurationIsVisible = 0;
			defaultConfigurationName = Release;
		};
		84AD7D8A1C7C0B630066064A /* Build configuration list for PBXNativeTarget "FreeTravel" */ = {
			isa = XCConfigurationList;
			buildConfigurations = (
				84AD7D8B1C7C0B630066064A /* Debug */,
				84AD7D8C1C7C0B630066064A /* Release */,
			);
			defaultConfigurationIsVisible = 0;
			defaultConfigurationName = Release;
		};
		84AD7D8D1C7C0B630066064A /* Build configuration list for PBXNativeTarget "FreeTravelTests" */ = {
			isa = XCConfigurationList;
			buildConfigurations = (
				84AD7D8E1C7C0B630066064A /* Debug */,
				84AD7D8F1C7C0B630066064A /* Release */,
			);
			defaultConfigurationIsVisible = 0;
			defaultConfigurationName = Release;
		};
		84AD7D901C7C0B630066064A /* Build configuration list for PBXNativeTarget "FreeTravelUITests" */ = {
			isa = XCConfigurationList;
			buildConfigurations = (
				84AD7D911C7C0B630066064A /* Debug */,
				84AD7D921C7C0B630066064A /* Release */,
			);
			defaultConfigurationIsVisible = 0;
			defaultConfigurationName = Release;
		};
/* End XCConfigurationList section */
	};
	rootObject = 84AD7D551C7C0B620066064A /* Project object */;
}
