// !$*UTF8*$!
{
	archiveVersion = 1;
	classes = {
	};
	objectVersion = 46;
	objects = {

/* Begin PBXBuildFile section */
		1C0329BD1C8533D200DACF92 /* main.m in Sources */ = {isa = PBXBuildFile; fileRef = 1C0329BC1C8533D200DACF92 /* main.m */; };
		1C0329C01C8533D200DACF92 /* AppDelegate.m in Sources */ = {isa = PBXBuildFile; fileRef = 1C0329BF1C8533D200DACF92 /* AppDelegate.m */; };
		1C0329C81C8533D200DACF92 /* Assets.xcassets in Resources */ = {isa = PBXBuildFile; fileRef = 1C0329C71C8533D200DACF92 /* Assets.xcassets */; };
		1C0329CB1C8533D200DACF92 /* LaunchScreen.storyboard in Resources */ = {isa = PBXBuildFile; fileRef = 1C0329C91C8533D200DACF92 /* LaunchScreen.storyboard */; };
		1C0329D61C8533D200DACF92 /* FreeTravelTests.m in Sources */ = {isa = PBXBuildFile; fileRef = 1C0329D51C8533D200DACF92 /* FreeTravelTests.m */; };
		1C0329E11C8533D200DACF92 /* FreeTravelUITests.m in Sources */ = {isa = PBXBuildFile; fileRef = 1C0329E01C8533D200DACF92 /* FreeTravelUITests.m */; };
		1CF3EA911C85E294000BF88B /* PopViewController.m in Sources */ = {isa = PBXBuildFile; fileRef = 1CF3EA8F1C85E294000BF88B /* PopViewController.m */; };
		1CF3EA921C85E294000BF88B /* PopViewController.xib in Resources */ = {isa = PBXBuildFile; fileRef = 1CF3EA901C85E294000BF88B /* PopViewController.xib */; };
		1CF3EA941C85E431000BF88B /* Podfile in Resources */ = {isa = PBXBuildFile; fileRef = 1CF3EA931C85E431000BF88B /* Podfile */; };
		1CF3EA981C85E757000BF88B /* MapViewController.m in Sources */ = {isa = PBXBuildFile; fileRef = 1CF3EA961C85E757000BF88B /* MapViewController.m */; };
		1CF3EA991C85E757000BF88B /* MapViewController.xib in Resources */ = {isa = PBXBuildFile; fileRef = 1CF3EA971C85E757000BF88B /* MapViewController.xib */; };
		1CF3EA9D1C85EB73000BF88B /* HomeViewController.m in Sources */ = {isa = PBXBuildFile; fileRef = 1CF3EA9B1C85EB73000BF88B /* HomeViewController.m */; };
		1CF3EA9E1C85EB73000BF88B /* HomeViewController.xib in Resources */ = {isa = PBXBuildFile; fileRef = 1CF3EA9C1C85EB73000BF88B /* HomeViewController.xib */; };
		84215C121C86C8C800139D7A /* FSDropDownMenu.m in Sources */ = {isa = PBXBuildFile; fileRef = 84215C111C86C8C800139D7A /* FSDropDownMenu.m */; };
		84215C141C86CA5900139D7A /* expandableImage@2x.png in Resources */ = {isa = PBXBuildFile; fileRef = 84215C131C86CA5900139D7A /* expandableImage@2x.png */; };
		84215C161C86E39700139D7A /* search.png in Resources */ = {isa = PBXBuildFile; fileRef = 84215C151C86E39700139D7A /* search.png */; };
		84215C191C86F27900139D7A /* FSDropDownMenu2.m in Sources */ = {isa = PBXBuildFile; fileRef = 84215C181C86F27900139D7A /* FSDropDownMenu2.m */; };
		EC6ECF5D27B4B627ECC3FAAC /* libPods.a in Frameworks */ = {isa = PBXBuildFile; fileRef = 8D1CA89E1B72E83CDACD1EFA /* libPods.a */; };
/* End PBXBuildFile section */

/* Begin PBXContainerItemProxy section */
		1C0329D21C8533D200DACF92 /* PBXContainerItemProxy */ = {
			isa = PBXContainerItemProxy;
			containerPortal = 1C0329B01C8533D200DACF92 /* Project object */;
			proxyType = 1;
			remoteGlobalIDString = 1C0329B71C8533D200DACF92;
			remoteInfo = FreeTravel;
		};
		1C0329DD1C8533D200DACF92 /* PBXContainerItemProxy */ = {
			isa = PBXContainerItemProxy;
			containerPortal = 1C0329B01C8533D200DACF92 /* Project object */;
			proxyType = 1;
			remoteGlobalIDString = 1C0329B71C8533D200DACF92;
			remoteInfo = FreeTravel;
		};
/* End PBXContainerItemProxy section */

/* Begin PBXFileReference section */
		1C0329B81C8533D200DACF92 /* FreeTravel.app */ = {isa = PBXFileReference; explicitFileType = wrapper.application; includeInIndex = 0; path = FreeTravel.app; sourceTree = BUILT_PRODUCTS_DIR; };
		1C0329BC1C8533D200DACF92 /* main.m */ = {isa = PBXFileReference; lastKnownFileType = sourcecode.c.objc; path = main.m; sourceTree = "<group>"; };
		1C0329BE1C8533D200DACF92 /* AppDelegate.h */ = {isa = PBXFileReference; lastKnownFileType = sourcecode.c.h; path = AppDelegate.h; sourceTree = "<group>"; };
		1C0329BF1C8533D200DACF92 /* AppDelegate.m */ = {isa = PBXFileReference; lastKnownFileType = sourcecode.c.objc; path = AppDelegate.m; sourceTree = "<group>"; };
		1C0329C71C8533D200DACF92 /* Assets.xcassets */ = {isa = PBXFileReference; lastKnownFileType = folder.assetcatalog; path = Assets.xcassets; sourceTree = "<group>"; };
		1C0329CA1C8533D200DACF92 /* Base */ = {isa = PBXFileReference; lastKnownFileType = file.storyboard; name = Base; path = Base.lproj/LaunchScreen.storyboard; sourceTree = "<group>"; };
		1C0329CC1C8533D200DACF92 /* Info.plist */ = {isa = PBXFileReference; lastKnownFileType = text.plist.xml; path = Info.plist; sourceTree = "<group>"; };
		1C0329D11C8533D200DACF92 /* FreeTravelTests.xctest */ = {isa = PBXFileReference; explicitFileType = wrapper.cfbundle; includeInIndex = 0; path = FreeTravelTests.xctest; sourceTree = BUILT_PRODUCTS_DIR; };
		1C0329D51C8533D200DACF92 /* FreeTravelTests.m */ = {isa = PBXFileReference; lastKnownFileType = sourcecode.c.objc; path = FreeTravelTests.m; sourceTree = "<group>"; };
		1C0329D71C8533D200DACF92 /* Info.plist */ = {isa = PBXFileReference; lastKnownFileType = text.plist.xml; path = Info.plist; sourceTree = "<group>"; };
		1C0329DC1C8533D200DACF92 /* FreeTravelUITests.xctest */ = {isa = PBXFileReference; explicitFileType = wrapper.cfbundle; includeInIndex = 0; path = FreeTravelUITests.xctest; sourceTree = BUILT_PRODUCTS_DIR; };
		1C0329E01C8533D200DACF92 /* FreeTravelUITests.m */ = {isa = PBXFileReference; lastKnownFileType = sourcecode.c.objc; path = FreeTravelUITests.m; sourceTree = "<group>"; };
		1C0329E21C8533D200DACF92 /* Info.plist */ = {isa = PBXFileReference; lastKnownFileType = text.plist.xml; path = Info.plist; sourceTree = "<group>"; };
		1CF3EA8E1C85E293000BF88B /* PopViewController.h */ = {isa = PBXFileReference; fileEncoding = 4; lastKnownFileType = sourcecode.c.h; path = PopViewController.h; sourceTree = "<group>"; };
		1CF3EA8F1C85E294000BF88B /* PopViewController.m */ = {isa = PBXFileReference; fileEncoding = 4; lastKnownFileType = sourcecode.c.objc; path = PopViewController.m; sourceTree = "<group>"; };
		1CF3EA901C85E294000BF88B /* PopViewController.xib */ = {isa = PBXFileReference; fileEncoding = 4; lastKnownFileType = file.xib; path = PopViewController.xib; sourceTree = "<group>"; };
		1CF3EA931C85E431000BF88B /* Podfile */ = {isa = PBXFileReference; fileEncoding = 4; lastKnownFileType = text; path = Podfile; sourceTree = "<group>"; };
		1CF3EA951C85E757000BF88B /* MapViewController.h */ = {isa = PBXFileReference; fileEncoding = 4; lastKnownFileType = sourcecode.c.h; path = MapViewController.h; sourceTree = "<group>"; };
		1CF3EA961C85E757000BF88B /* MapViewController.m */ = {isa = PBXFileReference; fileEncoding = 4; lastKnownFileType = sourcecode.c.objc; path = MapViewController.m; sourceTree = "<group>"; };
		1CF3EA971C85E757000BF88B /* MapViewController.xib */ = {isa = PBXFileReference; fileEncoding = 4; lastKnownFileType = file.xib; path = MapViewController.xib; sourceTree = "<group>"; };
		1CF3EA9A1C85EB73000BF88B /* HomeViewController.h */ = {isa = PBXFileReference; fileEncoding = 4; lastKnownFileType = sourcecode.c.h; path = HomeViewController.h; sourceTree = "<group>"; };
		1CF3EA9B1C85EB73000BF88B /* HomeViewController.m */ = {isa = PBXFileReference; fileEncoding = 4; lastKnownFileType = sourcecode.c.objc; path = HomeViewController.m; sourceTree = "<group>"; };
		1CF3EA9C1C85EB73000BF88B /* HomeViewController.xib */ = {isa = PBXFileReference; fileEncoding = 4; lastKnownFileType = file.xib; path = HomeViewController.xib; sourceTree = "<group>"; };
		1ED69E5E01BC4E52E0E73F5C /* Pods.debug.xcconfig */ = {isa = PBXFileReference; includeInIndex = 1; lastKnownFileType = text.xcconfig; name = Pods.debug.xcconfig; path = "Pods/Target Support Files/Pods/Pods.debug.xcconfig"; sourceTree = "<group>"; };
		5D2648DD0F9AA04C3D762687 /* Pods.release.xcconfig */ = {isa = PBXFileReference; includeInIndex = 1; lastKnownFileType = text.xcconfig; name = Pods.release.xcconfig; path = "Pods/Target Support Files/Pods/Pods.release.xcconfig"; sourceTree = "<group>"; };
		84215C101C86C8C800139D7A /* FSDropDownMenu.h */ = {isa = PBXFileReference; fileEncoding = 4; lastKnownFileType = sourcecode.c.h; path = FSDropDownMenu.h; sourceTree = "<group>"; };
		84215C111C86C8C800139D7A /* FSDropDownMenu.m */ = {isa = PBXFileReference; fileEncoding = 4; lastKnownFileType = sourcecode.c.objc; path = FSDropDownMenu.m; sourceTree = "<group>"; };
		84215C131C86CA5900139D7A /* expandableImage@2x.png */ = {isa = PBXFileReference; lastKnownFileType = image.png; path = "expandableImage@2x.png"; sourceTree = "<group>"; };
		84215C151C86E39700139D7A /* search.png */ = {isa = PBXFileReference; lastKnownFileType = image.png; path = search.png; sourceTree = "<group>"; };
		84215C171C86F27900139D7A /* FSDropDownMenu2.h */ = {isa = PBXFileReference; fileEncoding = 4; lastKnownFileType = sourcecode.c.h; path = FSDropDownMenu2.h; sourceTree = "<group>"; };
		84215C181C86F27900139D7A /* FSDropDownMenu2.m */ = {isa = PBXFileReference; fileEncoding = 4; lastKnownFileType = sourcecode.c.objc; path = FSDropDownMenu2.m; sourceTree = "<group>"; };
		8D1CA89E1B72E83CDACD1EFA /* libPods.a */ = {isa = PBXFileReference; explicitFileType = archive.ar; includeInIndex = 0; path = libPods.a; sourceTree = BUILT_PRODUCTS_DIR; };
/* End PBXFileReference section */

/* Begin PBXFrameworksBuildPhase section */
		1C0329B51C8533D200DACF92 /* Frameworks */ = {
			isa = PBXFrameworksBuildPhase;
			buildActionMask = 2147483647;
			files = (
				EC6ECF5D27B4B627ECC3FAAC /* libPods.a in Frameworks */,
			);
			runOnlyForDeploymentPostprocessing = 0;
		};
		1C0329CE1C8533D200DACF92 /* Frameworks */ = {
			isa = PBXFrameworksBuildPhase;
			buildActionMask = 2147483647;
			files = (
			);
			runOnlyForDeploymentPostprocessing = 0;
		};
		1C0329D91C8533D200DACF92 /* Frameworks */ = {
			isa = PBXFrameworksBuildPhase;
			buildActionMask = 2147483647;
			files = (
			);
			runOnlyForDeploymentPostprocessing = 0;
		};
/* End PBXFrameworksBuildPhase section */

/* Begin PBXGroup section */
		1C0329AF1C8533D200DACF92 = {
			isa = PBXGroup;
			children = (
				1CF3EA931C85E431000BF88B /* Podfile */,
				1C0329BA1C8533D200DACF92 /* FreeTravel */,
				1C0329D41C8533D200DACF92 /* FreeTravelTests */,
				1C0329DF1C8533D200DACF92 /* FreeTravelUITests */,
				1C0329B91C8533D200DACF92 /* Products */,
				BDFEAE8BBAB177A34E3BF251 /* Pods */,
				DE7C30147A60BF85193F6FE9 /* Frameworks */,
			);
			sourceTree = "<group>";
		};
		1C0329B91C8533D200DACF92 /* Products */ = {
			isa = PBXGroup;
			children = (
				1C0329B81C8533D200DACF92 /* FreeTravel.app */,
				1C0329D11C8533D200DACF92 /* FreeTravelTests.xctest */,
				1C0329DC1C8533D200DACF92 /* FreeTravelUITests.xctest */,
			);
			name = Products;
			sourceTree = "<group>";
		};
		1C0329BA1C8533D200DACF92 /* FreeTravel */ = {
			isa = PBXGroup;
			children = (
				84215C101C86C8C800139D7A /* FSDropDownMenu.h */,
				84215C111C86C8C800139D7A /* FSDropDownMenu.m */,
				84215C171C86F27900139D7A /* FSDropDownMenu2.h */,
				84215C181C86F27900139D7A /* FSDropDownMenu2.m */,
				1C0329BE1C8533D200DACF92 /* AppDelegate.h */,
				1C0329BF1C8533D200DACF92 /* AppDelegate.m */,
				1CF3EA9A1C85EB73000BF88B /* HomeViewController.h */,
				1CF3EA9B1C85EB73000BF88B /* HomeViewController.m */,
				1CF3EA9C1C85EB73000BF88B /* HomeViewController.xib */,
				1CF3EA951C85E757000BF88B /* MapViewController.h */,
				1CF3EA961C85E757000BF88B /* MapViewController.m */,
				1CF3EA971C85E757000BF88B /* MapViewController.xib */,
				1CF3EA8E1C85E293000BF88B /* PopViewController.h */,
				1CF3EA8F1C85E294000BF88B /* PopViewController.m */,
				84215C131C86CA5900139D7A /* expandableImage@2x.png */,
				84215C151C86E39700139D7A /* search.png */,
				1CF3EA901C85E294000BF88B /* PopViewController.xib */,
				1C0329C71C8533D200DACF92 /* Assets.xcassets */,
				1C0329C91C8533D200DACF92 /* LaunchScreen.storyboard */,
				1C0329CC1C8533D200DACF92 /* Info.plist */,
				1C0329BB1C8533D200DACF92 /* Supporting Files */,
			);
			path = FreeTravel;
			sourceTree = "<group>";
		};
		1C0329BB1C8533D200DACF92 /* Supporting Files */ = {
			isa = PBXGroup;
			children = (
				1C0329BC1C8533D200DACF92 /* main.m */,
			);
			name = "Supporting Files";
			sourceTree = "<group>";
		};
		1C0329D41C8533D200DACF92 /* FreeTravelTests */ = {
			isa = PBXGroup;
			children = (
				1C0329D51C8533D200DACF92 /* FreeTravelTests.m */,
				1C0329D71C8533D200DACF92 /* Info.plist */,
			);
			path = FreeTravelTests;
			sourceTree = "<group>";
		};
		1C0329DF1C8533D200DACF92 /* FreeTravelUITests */ = {
			isa = PBXGroup;
			children = (
				1C0329E01C8533D200DACF92 /* FreeTravelUITests.m */,
				1C0329E21C8533D200DACF92 /* Info.plist */,
			);
			path = FreeTravelUITests;
			sourceTree = "<group>";
		};
		BDFEAE8BBAB177A34E3BF251 /* Pods */ = {
			isa = PBXGroup;
			children = (
				1ED69E5E01BC4E52E0E73F5C /* Pods.debug.xcconfig */,
				5D2648DD0F9AA04C3D762687 /* Pods.release.xcconfig */,
			);
			name = Pods;
			sourceTree = "<group>";
		};
		DE7C30147A60BF85193F6FE9 /* Frameworks */ = {
			isa = PBXGroup;
			children = (
				8D1CA89E1B72E83CDACD1EFA /* libPods.a */,
			);
			name = Frameworks;
			sourceTree = "<group>";
		};
/* End PBXGroup section */

/* Begin PBXNativeTarget section */
		1C0329B71C8533D200DACF92 /* FreeTravel */ = {
			isa = PBXNativeTarget;
			buildConfigurationList = 1C0329E51C8533D200DACF92 /* Build configuration list for PBXNativeTarget "FreeTravel" */;
			buildPhases = (
				1BA03A3A51E92CDA4F3936CC /* Check Pods Manifest.lock */,
				1C0329B41C8533D200DACF92 /* Sources */,
				1C0329B51C8533D200DACF92 /* Frameworks */,
				1C0329B61C8533D200DACF92 /* Resources */,
				04B6BE49D47D3689D42FD794 /* Embed Pods Frameworks */,
				6FF2678C6763E0B023D7906B /* Copy Pods Resources */,
			);
			buildRules = (
			);
			dependencies = (
			);
			name = FreeTravel;
			productName = FreeTravel;
			productReference = 1C0329B81C8533D200DACF92 /* FreeTravel.app */;
			productType = "com.apple.product-type.application";
		};
		1C0329D01C8533D200DACF92 /* FreeTravelTests */ = {
			isa = PBXNativeTarget;
			buildConfigurationList = 1C0329E81C8533D200DACF92 /* Build configuration list for PBXNativeTarget "FreeTravelTests" */;
			buildPhases = (
				1C0329CD1C8533D200DACF92 /* Sources */,
				1C0329CE1C8533D200DACF92 /* Frameworks */,
				1C0329CF1C8533D200DACF92 /* Resources */,
			);
			buildRules = (
			);
			dependencies = (
				1C0329D31C8533D200DACF92 /* PBXTargetDependency */,
			);
			name = FreeTravelTests;
			productName = FreeTravelTests;
			productReference = 1C0329D11C8533D200DACF92 /* FreeTravelTests.xctest */;
			productType = "com.apple.product-type.bundle.unit-test";
		};
		1C0329DB1C8533D200DACF92 /* FreeTravelUITests */ = {
			isa = PBXNativeTarget;
			buildConfigurationList = 1C0329EB1C8533D200DACF92 /* Build configuration list for PBXNativeTarget "FreeTravelUITests" */;
			buildPhases = (
				1C0329D81C8533D200DACF92 /* Sources */,
				1C0329D91C8533D200DACF92 /* Frameworks */,
				1C0329DA1C8533D200DACF92 /* Resources */,
			);
			buildRules = (
			);
			dependencies = (
				1C0329DE1C8533D200DACF92 /* PBXTargetDependency */,
			);
			name = FreeTravelUITests;
			productName = FreeTravelUITests;
			productReference = 1C0329DC1C8533D200DACF92 /* FreeTravelUITests.xctest */;
			productType = "com.apple.product-type.bundle.ui-testing";
		};
/* End PBXNativeTarget section */

/* Begin PBXProject section */
		1C0329B01C8533D200DACF92 /* Project object */ = {
			isa = PBXProject;
			attributes = {
				LastUpgradeCheck = 0720;
				ORGANIZATIONNAME = Jason_zzzz;
				TargetAttributes = {
					1C0329B71C8533D200DACF92 = {
						CreatedOnToolsVersion = 7.2;
					};
					1C0329D01C8533D200DACF92 = {
						CreatedOnToolsVersion = 7.2;
						TestTargetID = 1C0329B71C8533D200DACF92;
					};
					1C0329DB1C8533D200DACF92 = {
						CreatedOnToolsVersion = 7.2;
						TestTargetID = 1C0329B71C8533D200DACF92;
					};
				};
			};
			buildConfigurationList = 1C0329B31C8533D200DACF92 /* Build configuration list for PBXProject "FreeTravel" */;
			compatibilityVersion = "Xcode 3.2";
			developmentRegion = English;
			hasScannedForEncodings = 0;
			knownRegions = (
				en,
				Base,
			);
			mainGroup = 1C0329AF1C8533D200DACF92;
			productRefGroup = 1C0329B91C8533D200DACF92 /* Products */;
			projectDirPath = "";
			projectRoot = "";
			targets = (
				1C0329B71C8533D200DACF92 /* FreeTravel */,
				1C0329D01C8533D200DACF92 /* FreeTravelTests */,
				1C0329DB1C8533D200DACF92 /* FreeTravelUITests */,
			);
		};
/* End PBXProject section */

/* Begin PBXResourcesBuildPhase section */
		1C0329B61C8533D200DACF92 /* Resources */ = {
			isa = PBXResourcesBuildPhase;
			buildActionMask = 2147483647;
			files = (
				1CF3EA941C85E431000BF88B /* Podfile in Resources */,
				1CF3EA991C85E757000BF88B /* MapViewController.xib in Resources */,
				84215C141C86CA5900139D7A /* expandableImage@2x.png in Resources */,
				84215C161C86E39700139D7A /* search.png in Resources */,
				1CF3EA921C85E294000BF88B /* PopViewController.xib in Resources */,
				1C0329CB1C8533D200DACF92 /* LaunchScreen.storyboard in Resources */,
				1C0329C81C8533D200DACF92 /* Assets.xcassets in Resources */,
				1CF3EA9E1C85EB73000BF88B /* HomeViewController.xib in Resources */,
			);
			runOnlyForDeploymentPostprocessing = 0;
		};
		1C0329CF1C8533D200DACF92 /* Resources */ = {
			isa = PBXResourcesBuildPhase;
			buildActionMask = 2147483647;
			files = (
			);
			runOnlyForDeploymentPostprocessing = 0;
		};
		1C0329DA1C8533D200DACF92 /* Resources */ = {
			isa = PBXResourcesBuildPhase;
			buildActionMask = 2147483647;
			files = (
			);
			runOnlyForDeploymentPostprocessing = 0;
		};
/* End PBXResourcesBuildPhase section */

/* Begin PBXShellScriptBuildPhase section */
		04B6BE49D47D3689D42FD794 /* Embed Pods Frameworks */ = {
			isa = PBXShellScriptBuildPhase;
			buildActionMask = 2147483647;
			files = (
			);
			inputPaths = (
			);
			name = "Embed Pods Frameworks";
			outputPaths = (
			);
			runOnlyForDeploymentPostprocessing = 0;
			shellPath = /bin/sh;
			shellScript = "\"${SRCROOT}/Pods/Target Support Files/Pods/Pods-frameworks.sh\"\n";
			showEnvVarsInLog = 0;
		};
		1BA03A3A51E92CDA4F3936CC /* Check Pods Manifest.lock */ = {
			isa = PBXShellScriptBuildPhase;
			buildActionMask = 2147483647;
			files = (
			);
			inputPaths = (
			);
			name = "Check Pods Manifest.lock";
			outputPaths = (
			);
			runOnlyForDeploymentPostprocessing = 0;
			shellPath = /bin/sh;
			shellScript = "diff \"${PODS_ROOT}/../Podfile.lock\" \"${PODS_ROOT}/Manifest.lock\" > /dev/null\nif [[ $? != 0 ]] ; then\n    cat << EOM\nerror: The sandbox is not in sync with the Podfile.lock. Run 'pod install' or update your CocoaPods installation.\nEOM\n    exit 1\nfi\n";
			showEnvVarsInLog = 0;
		};
		6FF2678C6763E0B023D7906B /* Copy Pods Resources */ = {
			isa = PBXShellScriptBuildPhase;
			buildActionMask = 2147483647;
			files = (
			);
			inputPaths = (
			);
			name = "Copy Pods Resources";
			outputPaths = (
			);
			runOnlyForDeploymentPostprocessing = 0;
			shellPath = /bin/sh;
			shellScript = "\"${SRCROOT}/Pods/Target Support Files/Pods/Pods-resources.sh\"\n";
			showEnvVarsInLog = 0;
		};
/* End PBXShellScriptBuildPhase section */

/* Begin PBXSourcesBuildPhase section */
		1C0329B41C8533D200DACF92 /* Sources */ = {
			isa = PBXSourcesBuildPhase;
			buildActionMask = 2147483647;
			files = (
				1CF3EA911C85E294000BF88B /* PopViewController.m in Sources */,
				84215C191C86F27900139D7A /* FSDropDownMenu2.m in Sources */,
				1CF3EA981C85E757000BF88B /* MapViewController.m in Sources */,
				1C0329C01C8533D200DACF92 /* AppDelegate.m in Sources */,
				1CF3EA9D1C85EB73000BF88B /* HomeViewController.m in Sources */,
				84215C121C86C8C800139D7A /* FSDropDownMenu.m in Sources */,
				1C0329BD1C8533D200DACF92 /* main.m in Sources */,
			);
			runOnlyForDeploymentPostprocessing = 0;
		};
		1C0329CD1C8533D200DACF92 /* Sources */ = {
			isa = PBXSourcesBuildPhase;
			buildActionMask = 2147483647;
			files = (
				1C0329D61C8533D200DACF92 /* FreeTravelTests.m in Sources */,
			);
			runOnlyForDeploymentPostprocessing = 0;
		};
		1C0329D81C8533D200DACF92 /* Sources */ = {
			isa = PBXSourcesBuildPhase;
			buildActionMask = 2147483647;
			files = (
				1C0329E11C8533D200DACF92 /* FreeTravelUITests.m in Sources */,
			);
			runOnlyForDeploymentPostprocessing = 0;
		};
/* End PBXSourcesBuildPhase section */

/* Begin PBXTargetDependency section */
		1C0329D31C8533D200DACF92 /* PBXTargetDependency */ = {
			isa = PBXTargetDependency;
			target = 1C0329B71C8533D200DACF92 /* FreeTravel */;
			targetProxy = 1C0329D21C8533D200DACF92 /* PBXContainerItemProxy */;
		};
		1C0329DE1C8533D200DACF92 /* PBXTargetDependency */ = {
			isa = PBXTargetDependency;
			target = 1C0329B71C8533D200DACF92 /* FreeTravel */;
			targetProxy = 1C0329DD1C8533D200DACF92 /* PBXContainerItemProxy */;
		};
/* End PBXTargetDependency section */

/* Begin PBXVariantGroup section */
		1C0329C91C8533D200DACF92 /* LaunchScreen.storyboard */ = {
			isa = PBXVariantGroup;
			children = (
				1C0329CA1C8533D200DACF92 /* Base */,
			);
			name = LaunchScreen.storyboard;
			sourceTree = "<group>";
		};
/* End PBXVariantGroup section */

/* Begin XCBuildConfiguration section */
		1C0329E31C8533D200DACF92 /* Debug */ = {
			isa = XCBuildConfiguration;
			buildSettings = {
				ALWAYS_SEARCH_USER_PATHS = NO;
				CLANG_CXX_LANGUAGE_STANDARD = "gnu++0x";
				CLANG_CXX_LIBRARY = "libc++";
				CLANG_ENABLE_MODULES = YES;
				CLANG_ENABLE_OBJC_ARC = YES;
				CLANG_WARN_BOOL_CONVERSION = YES;
				CLANG_WARN_CONSTANT_CONVERSION = YES;
				CLANG_WARN_DIRECT_OBJC_ISA_USAGE = YES_ERROR;
				CLANG_WARN_EMPTY_BODY = YES;
				CLANG_WARN_ENUM_CONVERSION = YES;
				CLANG_WARN_INT_CONVERSION = YES;
				CLANG_WARN_OBJC_ROOT_CLASS = YES_ERROR;
				CLANG_WARN_UNREACHABLE_CODE = YES;
				CLANG_WARN__DUPLICATE_METHOD_MATCH = YES;
				"CODE_SIGN_IDENTITY[sdk=iphoneos*]" = "iPhone Developer";
				COPY_PHASE_STRIP = NO;
				DEBUG_INFORMATION_FORMAT = dwarf;
				ENABLE_STRICT_OBJC_MSGSEND = YES;
				ENABLE_TESTABILITY = YES;
				GCC_C_LANGUAGE_STANDARD = gnu99;
				GCC_DYNAMIC_NO_PIC = NO;
				GCC_NO_COMMON_BLOCKS = YES;
				GCC_OPTIMIZATION_LEVEL = 0;
				GCC_PREPROCESSOR_DEFINITIONS = (
					"DEBUG=1",
					"$(inherited)",
				);
				GCC_WARN_64_TO_32_BIT_CONVERSION = YES;
				GCC_WARN_ABOUT_RETURN_TYPE = YES_ERROR;
				GCC_WARN_UNDECLARED_SELECTOR = YES;
				GCC_WARN_UNINITIALIZED_AUTOS = YES_AGGRESSIVE;
				GCC_WARN_UNUSED_FUNCTION = YES;
				GCC_WARN_UNUSED_VARIABLE = YES;
				IPHONEOS_DEPLOYMENT_TARGET = 9.1;
				MTL_ENABLE_DEBUG_INFO = YES;
				ONLY_ACTIVE_ARCH = YES;
				SDKROOT = iphoneos;
				TARGETED_DEVICE_FAMILY = "1,2";
			};
			name = Debug;
		};
		1C0329E41C8533D200DACF92 /* Release */ = {
			isa = XCBuildConfiguration;
			buildSettings = {
				ALWAYS_SEARCH_USER_PATHS = NO;
				CLANG_CXX_LANGUAGE_STANDARD = "gnu++0x";
				CLANG_CXX_LIBRARY = "libc++";
				CLANG_ENABLE_MODULES = YES;
				CLANG_ENABLE_OBJC_ARC = YES;
				CLANG_WARN_BOOL_CONVERSION = YES;
				CLANG_WARN_CONSTANT_CONVERSION = YES;
				CLANG_WARN_DIRECT_OBJC_ISA_USAGE = YES_ERROR;
				CLANG_WARN_EMPTY_BODY = YES;
				CLANG_WARN_ENUM_CONVERSION = YES;
				CLANG_WARN_INT_CONVERSION = YES;
				CLANG_WARN_OBJC_ROOT_CLASS = YES_ERROR;
				CLANG_WARN_UNREACHABLE_CODE = YES;
				CLANG_WARN__DUPLICATE_METHOD_MATCH = YES;
				"CODE_SIGN_IDENTITY[sdk=iphoneos*]" = "iPhone Developer";
				COPY_PHASE_STRIP = NO;
				DEBUG_INFORMATION_FORMAT = "dwarf-with-dsym";
				ENABLE_NS_ASSERTIONS = NO;
				ENABLE_STRICT_OBJC_MSGSEND = YES;
				GCC_C_LANGUAGE_STANDARD = gnu99;
				GCC_NO_COMMON_BLOCKS = YES;
				GCC_WARN_64_TO_32_BIT_CONVERSION = YES;
				GCC_WARN_ABOUT_RETURN_TYPE = YES_ERROR;
				GCC_WARN_UNDECLARED_SELECTOR = YES;
				GCC_WARN_UNINITIALIZED_AUTOS = YES_AGGRESSIVE;
				GCC_WARN_UNUSED_FUNCTION = YES;
				GCC_WARN_UNUSED_VARIABLE = YES;
				IPHONEOS_DEPLOYMENT_TARGET = 9.1;
				MTL_ENABLE_DEBUG_INFO = NO;
				SDKROOT = iphoneos;
				TARGETED_DEVICE_FAMILY = "1,2";
				VALIDATE_PRODUCT = YES;
			};
			name = Release;
		};
		1C0329E61C8533D200DACF92 /* Debug */ = {
			isa = XCBuildConfiguration;
			baseConfigurationReference = 1ED69E5E01BC4E52E0E73F5C /* Pods.debug.xcconfig */;
			buildSettings = {
				ASSETCATALOG_COMPILER_APPICON_NAME = AppIcon;
				INFOPLIST_FILE = FreeTravel/Info.plist;
				LD_RUNPATH_SEARCH_PATHS = "$(inherited) @executable_path/Frameworks";
				PRODUCT_BUNDLE_IDENTIFIER = Zjs.FreeTravel;
				PRODUCT_NAME = "$(TARGET_NAME)";
			};
			name = Debug;
		};
		1C0329E71C8533D200DACF92 /* Release */ = {
			isa = XCBuildConfiguration;
			baseConfigurationReference = 5D2648DD0F9AA04C3D762687 /* Pods.release.xcconfig */;
			buildSettings = {
				ASSETCATALOG_COMPILER_APPICON_NAME = AppIcon;
				INFOPLIST_FILE = FreeTravel/Info.plist;
				LD_RUNPATH_SEARCH_PATHS = "$(inherited) @executable_path/Frameworks";
				PRODUCT_BUNDLE_IDENTIFIER = Zjs.FreeTravel;
				PRODUCT_NAME = "$(TARGET_NAME)";
			};
			name = Release;
		};
		1C0329E91C8533D200DACF92 /* Debug */ = {
			isa = XCBuildConfiguration;
			buildSettings = {
				BUNDLE_LOADER = "$(TEST_HOST)";
				INFOPLIST_FILE = FreeTravelTests/Info.plist;
				LD_RUNPATH_SEARCH_PATHS = "$(inherited) @executable_path/Frameworks @loader_path/Frameworks";
				PRODUCT_BUNDLE_IDENTIFIER = Zjs.FreeTravelTests;
				PRODUCT_NAME = "$(TARGET_NAME)";
				TEST_HOST = "$(BUILT_PRODUCTS_DIR)/FreeTravel.app/FreeTravel";
			};
			name = Debug;
		};
		1C0329EA1C8533D200DACF92 /* Release */ = {
			isa = XCBuildConfiguration;
			buildSettings = {
				BUNDLE_LOADER = "$(TEST_HOST)";
				INFOPLIST_FILE = FreeTravelTests/Info.plist;
				LD_RUNPATH_SEARCH_PATHS = "$(inherited) @executable_path/Frameworks @loader_path/Frameworks";
				PRODUCT_BUNDLE_IDENTIFIER = Zjs.FreeTravelTests;
				PRODUCT_NAME = "$(TARGET_NAME)";
				TEST_HOST = "$(BUILT_PRODUCTS_DIR)/FreeTravel.app/FreeTravel";
			};
			name = Release;
		};
		1C0329EC1C8533D200DACF92 /* Debug */ = {
			isa = XCBuildConfiguration;
			buildSettings = {
				INFOPLIST_FILE = FreeTravelUITests/Info.plist;
				LD_RUNPATH_SEARCH_PATHS = "$(inherited) @executable_path/Frameworks @loader_path/Frameworks";
				PRODUCT_BUNDLE_IDENTIFIER = Zjs.FreeTravelUITests;
				PRODUCT_NAME = "$(TARGET_NAME)";
				TEST_TARGET_NAME = FreeTravel;
				USES_XCTRUNNER = YES;
			};
			name = Debug;
		};
		1C0329ED1C8533D200DACF92 /* Release */ = {
			isa = XCBuildConfiguration;
			buildSettings = {
				INFOPLIST_FILE = FreeTravelUITests/Info.plist;
				LD_RUNPATH_SEARCH_PATHS = "$(inherited) @executable_path/Frameworks @loader_path/Frameworks";
				PRODUCT_BUNDLE_IDENTIFIER = Zjs.FreeTravelUITests;
				PRODUCT_NAME = "$(TARGET_NAME)";
				TEST_TARGET_NAME = FreeTravel;
				USES_XCTRUNNER = YES;
			};
			name = Release;
		};
/* End XCBuildConfiguration section */

/* Begin XCConfigurationList section */
		1C0329B31C8533D200DACF92 /* Build configuration list for PBXProject "FreeTravel" */ = {
			isa = XCConfigurationList;
			buildConfigurations = (
				1C0329E31C8533D200DACF92 /* Debug */,
				1C0329E41C8533D200DACF92 /* Release */,
			);
			defaultConfigurationIsVisible = 0;
			defaultConfigurationName = Release;
		};
		1C0329E51C8533D200DACF92 /* Build configuration list for PBXNativeTarget "FreeTravel" */ = {
			isa = XCConfigurationList;
			buildConfigurations = (
				1C0329E61C8533D200DACF92 /* Debug */,
				1C0329E71C8533D200DACF92 /* Release */,
			);
			defaultConfigurationIsVisible = 0;
			defaultConfigurationName = Release;
		};
		1C0329E81C8533D200DACF92 /* Build configuration list for PBXNativeTarget "FreeTravelTests" */ = {
			isa = XCConfigurationList;
			buildConfigurations = (
				1C0329E91C8533D200DACF92 /* Debug */,
				1C0329EA1C8533D200DACF92 /* Release */,
			);
			defaultConfigurationIsVisible = 0;
			defaultConfigurationName = Release;
		};
		1C0329EB1C8533D200DACF92 /* Build configuration list for PBXNativeTarget "FreeTravelUITests" */ = {
			isa = XCConfigurationList;
			buildConfigurations = (
				1C0329EC1C8533D200DACF92 /* Debug */,
				1C0329ED1C8533D200DACF92 /* Release */,
			);
			defaultConfigurationIsVisible = 0;
			defaultConfigurationName = Release;
		};
/* End XCConfigurationList section */
	};
	rootObject = 1C0329B01C8533D200DACF92 /* Project object */;
}
